
Microsoft Visual Studio Solution File, Format Version 12.00
# Visual Studio Version 16
VisualStudioVersion = 16.0.28315.86
MinimumVisualStudioVersion = 10.0.40219.1
Project("{FAE04EC0-301F-11D3-BF4B-00C04F79EFBC}") = "Visual Studio 2019 Sample XF.UWP", "Visual Studio 2019 Sample XF\Visual Studio 2019 Sample XF.UWP\Visual Studio 2019 Sample XF.UWP.csproj", "{7A6AFECC-2550-4696-9363-F248E6D6E9FB}"
EndProject
Project("{FAE04EC0-301F-11D3-BF4B-00C04F79EFBC}") = "Visual Studio 2019 Sample XF.Android", "Visual Studio 2019 Sample XF\Visual Studio 2019 Sample XF.Android\Visual Studio 2019 Sample XF.Android.csproj", "{98AF1248-990A-45FF-B70B-B2FD2165B368}"
EndProject
Project("{FAE04EC0-301F-11D3-BF4B-00C04F79EFBC}") = "Visual Studio 2019 Sample XF.iOS", "Visual Studio 2019 Sample XF\Visual Studio 2019 Sample XF.iOS\Visual Studio 2019 Sample XF.iOS.csproj", "{B95F3E08-3455-4D36-9E39-57A111BE40DF}"
EndProject
Project("{FAE04EC0-301F-11D3-BF4B-00C04F79EFBC}") = "Visual Studio 2019 Sample XF", "Visual Studio 2019 Sample XF\Visual Studio 2019 Sample XF\Visual Studio 2019 Sample XF.csproj", "{BCCC1EA6-4F63-4DBB-9994-764F43D4C544}"
EndProject
Global
	GlobalSection(SolutionConfigurationPlatforms) = preSolution
		Ad-Hoc|Any CPU = Ad-Hoc|Any CPU
		Ad-Hoc|ARM = Ad-Hoc|ARM
		Ad-Hoc|iPhone = Ad-Hoc|iPhone
		Ad-Hoc|iPhoneSimulator = Ad-Hoc|iPhoneSimulator
		Ad-Hoc|x64 = Ad-Hoc|x64
		Ad-Hoc|x86 = Ad-Hoc|x86
		AppStore|Any CPU = AppStore|Any CPU
		AppStore|ARM = AppStore|ARM
		AppStore|iPhone = AppStore|iPhone
		AppStore|iPhoneSimulator = AppStore|iPhoneSimulator
		AppStore|x64 = AppStore|x64
		AppStore|x86 = AppStore|x86
		Debug|Any CPU = Debug|Any CPU
		Debug|ARM = Debug|ARM
		Debug|iPhone = Debug|iPhone
		Debug|iPhoneSimulator = Debug|iPhoneSimulator
		Debug|x64 = Debug|x64
		Debug|x86 = Debug|x86
		Release|Any CPU = Release|Any CPU
		Release|ARM = Release|ARM
		Release|iPhone = Release|iPhone
		Release|iPhoneSimulator = Release|iPhoneSimulator
		Release|x64 = Release|x64
		Release|x86 = Release|x86
	EndGlobalSection
	GlobalSection(ProjectConfigurationPlatforms) = postSolution
		{7A6AFECC-2550-4696-9363-F248E6D6E9FB}.Ad-Hoc|Any CPU.ActiveCfg = Release|x86
		{7A6AFECC-2550-4696-9363-F248E6D6E9FB}.Ad-Hoc|Any CPU.Build.0 = Release|x86
		{7A6AFECC-2550-4696-9363-F248E6D6E9FB}.Ad-Hoc|Any CPU.Deploy.0 = Release|x86
		{7A6AFECC-2550-4696-9363-F248E6D6E9FB}.Ad-Hoc|ARM.ActiveCfg = Release|ARM
		{7A6AFECC-2550-4696-9363-F248E6D6E9FB}.Ad-Hoc|ARM.Build.0 = Release|ARM
		{7A6AFECC-2550-4696-9363-F248E6D6E9FB}.Ad-Hoc|ARM.Deploy.0 = Release|ARM
		{7A6AFECC-2550-4696-9363-F248E6D6E9FB}.Ad-Hoc|iPhone.ActiveCfg = Release|x86
		{7A6AFECC-2550-4696-9363-F248E6D6E9FB}.Ad-Hoc|iPhone.Build.0 = Release|x86
		{7A6AFECC-2550-4696-9363-F248E6D6E9FB}.Ad-Hoc|iPhone.Deploy.0 = Release|x86
		{7A6AFECC-2550-4696-9363-F248E6D6E9FB}.Ad-Hoc|iPhoneSimulator.ActiveCfg = Release|x86
		{7A6AFECC-2550-4696-9363-F248E6D6E9FB}.Ad-Hoc|iPhoneSimulator.Build.0 = Release|x86
		{7A6AFECC-2550-4696-9363-F248E6D6E9FB}.Ad-Hoc|iPhoneSimulator.Deploy.0 = Release|x86
		{7A6AFECC-2550-4696-9363-F248E6D6E9FB}.Ad-Hoc|x64.ActiveCfg = Release|x64
		{7A6AFECC-2550-4696-9363-F248E6D6E9FB}.Ad-Hoc|x64.Build.0 = Release|x64
		{7A6AFECC-2550-4696-9363-F248E6D6E9FB}.Ad-Hoc|x64.Deploy.0 = Release|x64
		{7A6AFECC-2550-4696-9363-F248E6D6E9FB}.Ad-Hoc|x86.ActiveCfg = Release|x86
		{7A6AFECC-2550-4696-9363-F248E6D6E9FB}.Ad-Hoc|x86.Build.0 = Release|x86
		{7A6AFECC-2550-4696-9363-F248E6D6E9FB}.Ad-Hoc|x86.Deploy.0 = Release|x86
		{7A6AFECC-2550-4696-9363-F248E6D6E9FB}.AppStore|Any CPU.ActiveCfg = Release|x86
		{7A6AFECC-2550-4696-9363-F248E6D6E9FB}.AppStore|Any CPU.Build.0 = Release|x86
		{7A6AFECC-2550-4696-9363-F248E6D6E9FB}.AppStore|Any CPU.Deploy.0 = Release|x86
		{7A6AFECC-2550-4696-9363-F248E6D6E9FB}.AppStore|ARM.ActiveCfg = Release|ARM
		{7A6AFECC-2550-4696-9363-F248E6D6E9FB}.AppStore|ARM.Build.0 = Release|ARM
		{7A6AFECC-2550-4696-9363-F248E6D6E9FB}.AppStore|ARM.Deploy.0 = Release|ARM
		{7A6AFECC-2550-4696-9363-F248E6D6E9FB}.AppStore|iPhone.ActiveCfg = Release|x86
		{7A6AFECC-2550-4696-9363-F248E6D6E9FB}.AppStore|iPhone.Build.0 = Release|x86
		{7A6AFECC-2550-4696-9363-F248E6D6E9FB}.AppStore|iPhone.Deploy.0 = Release|x86
		{7A6AFECC-2550-4696-9363-F248E6D6E9FB}.AppStore|iPhoneSimulator.ActiveCfg = Release|x86
		{7A6AFECC-2550-4696-9363-F248E6D6E9FB}.AppStore|iPhoneSimulator.Build.0 = Release|x86
		{7A6AFECC-2550-4696-9363-F248E6D6E9FB}.AppStore|iPhoneSimulator.Deploy.0 = Release|x86
		{7A6AFECC-2550-4696-9363-F248E6D6E9FB}.AppStore|x64.ActiveCfg = Release|x64
		{7A6AFECC-2550-4696-9363-F248E6D6E9FB}.AppStore|x64.Build.0 = Release|x64
		{7A6AFECC-2550-4696-9363-F248E6D6E9FB}.AppStore|x64.Deploy.0 = Release|x64
		{7A6AFECC-2550-4696-9363-F248E6D6E9FB}.AppStore|x86.ActiveCfg = Release|x86
		{7A6AFECC-2550-4696-9363-F248E6D6E9FB}.AppStore|x86.Build.0 = Release|x86
		{7A6AFECC-2550-4696-9363-F248E6D6E9FB}.AppStore|x86.Deploy.0 = Release|x86
		{7A6AFECC-2550-4696-9363-F248E6D6E9FB}.Debug|Any CPU.ActiveCfg = Debug|x86
		{7A6AFECC-2550-4696-9363-F248E6D6E9FB}.Debug|Any CPU.Build.0 = Debug|x86
		{7A6AFECC-2550-4696-9363-F248E6D6E9FB}.Debug|Any CPU.Deploy.0 = Debug|x86
		{7A6AFECC-2550-4696-9363-F248E6D6E9FB}.Debug|ARM.ActiveCfg = Debug|ARM
		{7A6AFECC-2550-4696-9363-F248E6D6E9FB}.Debug|ARM.Build.0 = Debug|ARM
		{7A6AFECC-2550-4696-9363-F248E6D6E9FB}.Debug|ARM.Deploy.0 = Debug|ARM
		{7A6AFECC-2550-4696-9363-F248E6D6E9FB}.Debug|iPhone.ActiveCfg = Debug|x86
		{7A6AFECC-2550-4696-9363-F248E6D6E9FB}.Debug|iPhone.Build.0 = Debug|x86
		{7A6AFECC-2550-4696-9363-F248E6D6E9FB}.Debug|iPhone.Deploy.0 = Debug|x86
		{7A6AFECC-2550-4696-9363-F248E6D6E9FB}.Debug|iPhoneSimulator.ActiveCfg = Debug|x86
		{7A6AFECC-2550-4696-9363-F248E6D6E9FB}.Debug|iPhoneSimulator.Build.0 = Debug|x86
		{7A6AFECC-2550-4696-9363-F248E6D6E9FB}.Debug|iPhoneSimulator.Deploy.0 = Debug|x86
		{7A6AFECC-2550-4696-9363-F248E6D6E9FB}.Debug|x64.ActiveCfg = Debug|x64
		{7A6AFECC-2550-4696-9363-F248E6D6E9FB}.Debug|x64.Build.0 = Debug|x64
		{7A6AFECC-2550-4696-9363-F248E6D6E9FB}.Debug|x64.Deploy.0 = Debug|x64
		{7A6AFECC-2550-4696-9363-F248E6D6E9FB}.Debug|x86.ActiveCfg = Debug|x86
		{7A6AFECC-2550-4696-9363-F248E6D6E9FB}.Debug|x86.Build.0 = Debug|x86
		{7A6AFECC-2550-4696-9363-F248E6D6E9FB}.Debug|x86.Deploy.0 = Debug|x86
		{7A6AFECC-2550-4696-9363-F248E6D6E9FB}.Release|Any CPU.ActiveCfg = Release|x86
		{7A6AFECC-2550-4696-9363-F248E6D6E9FB}.Release|Any CPU.Build.0 = Release|x86
		{7A6AFECC-2550-4696-9363-F248E6D6E9FB}.Release|Any CPU.Deploy.0 = Release|x86
		{7A6AFECC-2550-4696-9363-F248E6D6E9FB}.Release|ARM.ActiveCfg = Release|ARM
		{7A6AFECC-2550-4696-9363-F248E6D6E9FB}.Release|ARM.Build.0 = Release|ARM
		{7A6AFECC-2550-4696-9363-F248E6D6E9FB}.Release|ARM.Deploy.0 = Release|ARM
		{7A6AFECC-2550-4696-9363-F248E6D6E9FB}.Release|iPhone.ActiveCfg = Release|x86
		{7A6AFECC-2550-4696-9363-F248E6D6E9FB}.Release|iPhone.Build.0 = Release|x86
		{7A6AFECC-2550-4696-9363-F248E6D6E9FB}.Release|iPhone.Deploy.0 = Release|x86
		{7A6AFECC-2550-4696-9363-F248E6D6E9FB}.Release|iPhoneSimulator.ActiveCfg = Release|x86
		{7A6AFECC-2550-4696-9363-F248E6D6E9FB}.Release|iPhoneSimulator.Build.0 = Release|x86
		{7A6AFECC-2550-4696-9363-F248E6D6E9FB}.Release|iPhoneSimulator.Deploy.0 = Release|x86
		{7A6AFECC-2550-4696-9363-F248E6D6E9FB}.Release|x64.ActiveCfg = Release|x64
		{7A6AFECC-2550-4696-9363-F248E6D6E9FB}.Release|x64.Build.0 = Release|x64
		{7A6AFECC-2550-4696-9363-F248E6D6E9FB}.Release|x64.Deploy.0 = Release|x64
		{7A6AFECC-2550-4696-9363-F248E6D6E9FB}.Release|x86.ActiveCfg = Release|x86
		{7A6AFECC-2550-4696-9363-F248E6D6E9FB}.Release|x86.Build.0 = Release|x86
		{7A6AFECC-2550-4696-9363-F248E6D6E9FB}.Release|x86.Deploy.0 = Release|x86
		{98AF1248-990A-45FF-B70B-B2FD2165B368}.Ad-Hoc|Any CPU.ActiveCfg = Release|Any CPU
		{98AF1248-990A-45FF-B70B-B2FD2165B368}.Ad-Hoc|Any CPU.Build.0 = Release|Any CPU
		{98AF1248-990A-45FF-B70B-B2FD2165B368}.Ad-Hoc|Any CPU.Deploy.0 = Release|Any CPU
		{98AF1248-990A-45FF-B70B-B2FD2165B368}.Ad-Hoc|ARM.ActiveCfg = Release|Any CPU
		{98AF1248-990A-45FF-B70B-B2FD2165B368}.Ad-Hoc|ARM.Build.0 = Release|Any CPU
		{98AF1248-990A-45FF-B70B-B2FD2165B368}.Ad-Hoc|ARM.Deploy.0 = Release|Any CPU
		{98AF1248-990A-45FF-B70B-B2FD2165B368}.Ad-Hoc|iPhone.ActiveCfg = Release|Any CPU
		{98AF1248-990A-45FF-B70B-B2FD2165B368}.Ad-Hoc|iPhone.Build.0 = Release|Any CPU
		{98AF1248-990A-45FF-B70B-B2FD2165B368}.Ad-Hoc|iPhone.Deploy.0 = Release|Any CPU
		{98AF1248-990A-45FF-B70B-B2FD2165B368}.Ad-Hoc|iPhoneSimulator.ActiveCfg = Release|Any CPU
		{98AF1248-990A-45FF-B70B-B2FD2165B368}.Ad-Hoc|iPhoneSimulator.Build.0 = Release|Any CPU
		{98AF1248-990A-45FF-B70B-B2FD2165B368}.Ad-Hoc|iPhoneSimulator.Deploy.0 = Release|Any CPU
		{98AF1248-990A-45FF-B70B-B2FD2165B368}.Ad-Hoc|x64.ActiveCfg = Release|Any CPU
		{98AF1248-990A-45FF-B70B-B2FD2165B368}.Ad-Hoc|x64.Build.0 = Release|Any CPU
		{98AF1248-990A-45FF-B70B-B2FD2165B368}.Ad-Hoc|x64.Deploy.0 = Release|Any CPU
		{98AF1248-990A-45FF-B70B-B2FD2165B368}.Ad-Hoc|x86.ActiveCfg = Release|Any CPU
		{98AF1248-990A-45FF-B70B-B2FD2165B368}.Ad-Hoc|x86.Build.0 = Release|Any CPU
		{98AF1248-990A-45FF-B70B-B2FD2165B368}.Ad-Hoc|x86.Deploy.0 = Release|Any CPU
		{98AF1248-990A-45FF-B70B-B2FD2165B368}.AppStore|Any CPU.ActiveCfg = Release|Any CPU
		{98AF1248-990A-45FF-B70B-B2FD2165B368}.AppStore|Any CPU.Build.0 = Release|Any CPU
		{98AF1248-990A-45FF-B70B-B2FD2165B368}.AppStore|Any CPU.Deploy.0 = Release|Any CPU
		{98AF1248-990A-45FF-B70B-B2FD2165B368}.AppStore|ARM.ActiveCfg = Release|Any CPU
		{98AF1248-990A-45FF-B70B-B2FD2165B368}.AppStore|ARM.Build.0 = Release|Any CPU
		{98AF1248-990A-45FF-B70B-B2FD2165B368}.AppStore|ARM.Deploy.0 = Release|Any CPU
		{98AF1248-990A-45FF-B70B-B2FD2165B368}.AppStore|iPhone.ActiveCfg = Release|Any CPU
		{98AF1248-990A-45FF-B70B-B2FD2165B368}.AppStore|iPhone.Build.0 = Release|Any CPU
		{98AF1248-990A-45FF-B70B-B2FD2165B368}.AppStore|iPhone.Deploy.0 = Release|Any CPU
		{98AF1248-990A-45FF-B70B-B2FD2165B368}.AppStore|iPhoneSimulator.ActiveCfg = Release|Any CPU
		{98AF1248-990A-45FF-B70B-B2FD2165B368}.AppStore|iPhoneSimulator.Build.0 = Release|Any CPU
		{98AF1248-990A-45FF-B70B-B2FD2165B368}.AppStore|iPhoneSimulator.Deploy.0 = Release|Any CPU
		{98AF1248-990A-45FF-B70B-B2FD2165B368}.AppStore|x64.ActiveCfg = Release|Any CPU
		{98AF1248-990A-45FF-B70B-B2FD2165B368}.AppStore|x64.Build.0 = Release|Any CPU
		{98AF1248-990A-45FF-B70B-B2FD2165B368}.AppStore|x64.Deploy.0 = Release|Any CPU
		{98AF1248-990A-45FF-B70B-B2FD2165B368}.AppStore|x86.ActiveCfg = Release|Any CPU
		{98AF1248-990A-45FF-B70B-B2FD2165B368}.AppStore|x86.Build.0 = Release|Any CPU
		{98AF1248-990A-45FF-B70B-B2FD2165B368}.AppStore|x86.Deploy.0 = Release|Any CPU
		{98AF1248-990A-45FF-B70B-B2FD2165B368}.Debug|Any CPU.ActiveCfg = Debug|Any CPU
		{98AF1248-990A-45FF-B70B-B2FD2165B368}.Debug|Any CPU.Build.0 = Debug|Any CPU
		{98AF1248-990A-45FF-B70B-B2FD2165B368}.Debug|Any CPU.Deploy.0 = Debug|Any CPU
		{98AF1248-990A-45FF-B70B-B2FD2165B368}.Debug|ARM.ActiveCfg = Debug|Any CPU
		{98AF1248-990A-45FF-B70B-B2FD2165B368}.Debug|ARM.Build.0 = Debug|Any CPU
		{98AF1248-990A-45FF-B70B-B2FD2165B368}.Debug|ARM.Deploy.0 = Debug|Any CPU
		{98AF1248-990A-45FF-B70B-B2FD2165B368}.Debug|iPhone.ActiveCfg = Debug|Any CPU
		{98AF1248-990A-45FF-B70B-B2FD2165B368}.Debug|iPhone.Build.0 = Debug|Any CPU
		{98AF1248-990A-45FF-B70B-B2FD2165B368}.Debug|iPhone.Deploy.0 = Debug|Any CPU
		{98AF1248-990A-45FF-B70B-B2FD2165B368}.Debug|iPhoneSimulator.ActiveCfg = Debug|Any CPU
		{98AF1248-990A-45FF-B70B-B2FD2165B368}.Debug|iPhoneSimulator.Build.0 = Debug|Any CPU
		{98AF1248-990A-45FF-B70B-B2FD2165B368}.Debug|iPhoneSimulator.Deploy.0 = Debug|Any CPU
		{98AF1248-990A-45FF-B70B-B2FD2165B368}.Debug|x64.ActiveCfg = Debug|Any CPU
		{98AF1248-990A-45FF-B70B-B2FD2165B368}.Debug|x64.Build.0 = Debug|Any CPU
		{98AF1248-990A-45FF-B70B-B2FD2165B368}.Debug|x64.Deploy.0 = Debug|Any CPU
		{98AF1248-990A-45FF-B70B-B2FD2165B368}.Debug|x86.ActiveCfg = Debug|Any CPU
		{98AF1248-990A-45FF-B70B-B2FD2165B368}.Debug|x86.Build.0 = Debug|Any CPU
		{98AF1248-990A-45FF-B70B-B2FD2165B368}.Debug|x86.Deploy.0 = Debug|Any CPU
		{98AF1248-990A-45FF-B70B-B2FD2165B368}.Release|Any CPU.ActiveCfg = Release|Any CPU
		{98AF1248-990A-45FF-B70B-B2FD2165B368}.Release|Any CPU.Build.0 = Release|Any CPU
		{98AF1248-990A-45FF-B70B-B2FD2165B368}.Release|Any CPU.Deploy.0 = Release|Any CPU
		{98AF1248-990A-45FF-B70B-B2FD2165B368}.Release|ARM.ActiveCfg = Release|Any CPU
		{98AF1248-990A-45FF-B70B-B2FD2165B368}.Release|ARM.Build.0 = Release|Any CPU
		{98AF1248-990A-45FF-B70B-B2FD2165B368}.Release|ARM.Deploy.0 = Release|Any CPU
		{98AF1248-990A-45FF-B70B-B2FD2165B368}.Release|iPhone.ActiveCfg = Release|Any CPU
		{98AF1248-990A-45FF-B70B-B2FD2165B368}.Release|iPhone.Build.0 = Release|Any CPU
		{98AF1248-990A-45FF-B70B-B2FD2165B368}.Release|iPhone.Deploy.0 = Release|Any CPU
		{98AF1248-990A-45FF-B70B-B2FD2165B368}.Release|iPhoneSimulator.ActiveCfg = Release|Any CPU
		{98AF1248-990A-45FF-B70B-B2FD2165B368}.Release|iPhoneSimulator.Build.0 = Release|Any CPU
		{98AF1248-990A-45FF-B70B-B2FD2165B368}.Release|iPhoneSimulator.Deploy.0 = Release|Any CPU
		{98AF1248-990A-45FF-B70B-B2FD2165B368}.Release|x64.ActiveCfg = Release|Any CPU
		{98AF1248-990A-45FF-B70B-B2FD2165B368}.Release|x64.Build.0 = Release|Any CPU
		{98AF1248-990A-45FF-B70B-B2FD2165B368}.Release|x64.Deploy.0 = Release|Any CPU
		{98AF1248-990A-45FF-B70B-B2FD2165B368}.Release|x86.ActiveCfg = Release|Any CPU
		{98AF1248-990A-45FF-B70B-B2FD2165B368}.Release|x86.Build.0 = Release|Any CPU
		{98AF1248-990A-45FF-B70B-B2FD2165B368}.Release|x86.Deploy.0 = Release|Any CPU
		{B95F3E08-3455-4D36-9E39-57A111BE40DF}.Ad-Hoc|Any CPU.ActiveCfg = Ad-Hoc|iPhone
		{B95F3E08-3455-4D36-9E39-57A111BE40DF}.Ad-Hoc|Any CPU.Build.0 = Ad-Hoc|iPhone
		{B95F3E08-3455-4D36-9E39-57A111BE40DF}.Ad-Hoc|Any CPU.Deploy.0 = Ad-Hoc|iPhone
		{B95F3E08-3455-4D36-9E39-57A111BE40DF}.Ad-Hoc|ARM.ActiveCfg = Ad-Hoc|iPhone
		{B95F3E08-3455-4D36-9E39-57A111BE40DF}.Ad-Hoc|ARM.Build.0 = Ad-Hoc|iPhone
		{B95F3E08-3455-4D36-9E39-57A111BE40DF}.Ad-Hoc|ARM.Deploy.0 = Ad-Hoc|iPhone
		{B95F3E08-3455-4D36-9E39-57A111BE40DF}.Ad-Hoc|iPhone.ActiveCfg = Ad-Hoc|iPhone
		{B95F3E08-3455-4D36-9E39-57A111BE40DF}.Ad-Hoc|iPhone.Build.0 = Ad-Hoc|iPhone
		{B95F3E08-3455-4D36-9E39-57A111BE40DF}.Ad-Hoc|iPhone.Deploy.0 = Ad-Hoc|iPhone
		{B95F3E08-3455-4D36-9E39-57A111BE40DF}.Ad-Hoc|iPhoneSimulator.ActiveCfg = Ad-Hoc|iPhoneSimulator
		{B95F3E08-3455-4D36-9E39-57A111BE40DF}.Ad-Hoc|iPhoneSimulator.Build.0 = Ad-Hoc|iPhoneSimulator
		{B95F3E08-3455-4D36-9E39-57A111BE40DF}.Ad-Hoc|iPhoneSimulator.Deploy.0 = Ad-Hoc|iPhoneSimulator
		{B95F3E08-3455-4D36-9E39-57A111BE40DF}.Ad-Hoc|x64.ActiveCfg = Ad-Hoc|iPhone
		{B95F3E08-3455-4D36-9E39-57A111BE40DF}.Ad-Hoc|x64.Build.0 = Ad-Hoc|iPhone
		{B95F3E08-3455-4D36-9E39-57A111BE40DF}.Ad-Hoc|x64.Deploy.0 = Ad-Hoc|iPhone
		{B95F3E08-3455-4D36-9E39-57A111BE40DF}.Ad-Hoc|x86.ActiveCfg = Ad-Hoc|iPhone
		{B95F3E08-3455-4D36-9E39-57A111BE40DF}.Ad-Hoc|x86.Build.0 = Ad-Hoc|iPhone
		{B95F3E08-3455-4D36-9E39-57A111BE40DF}.Ad-Hoc|x86.Deploy.0 = Ad-Hoc|iPhone
		{B95F3E08-3455-4D36-9E39-57A111BE40DF}.AppStore|Any CPU.ActiveCfg = AppStore|iPhone
		{B95F3E08-3455-4D36-9E39-57A111BE40DF}.AppStore|Any CPU.Build.0 = AppStore|iPhone
		{B95F3E08-3455-4D36-9E39-57A111BE40DF}.AppStore|Any CPU.Deploy.0 = AppStore|iPhone
		{B95F3E08-3455-4D36-9E39-57A111BE40DF}.AppStore|ARM.ActiveCfg = AppStore|iPhone
		{B95F3E08-3455-4D36-9E39-57A111BE40DF}.AppStore|ARM.Build.0 = AppStore|iPhone
		{B95F3E08-3455-4D36-9E39-57A111BE40DF}.AppStore|ARM.Deploy.0 = AppStore|iPhone
		{B95F3E08-3455-4D36-9E39-57A111BE40DF}.AppStore|iPhone.ActiveCfg = AppStore|iPhone
		{B95F3E08-3455-4D36-9E39-57A111BE40DF}.AppStore|iPhone.Build.0 = AppStore|iPhone
		{B95F3E08-3455-4D36-9E39-57A111BE40DF}.AppStore|iPhone.Deploy.0 = AppStore|iPhone
		{B95F3E08-3455-4D36-9E39-57A111BE40DF}.AppStore|iPhoneSimulator.ActiveCfg = AppStore|iPhoneSimulator
		{B95F3E08-3455-4D36-9E39-57A111BE40DF}.AppStore|iPhoneSimulator.Build.0 = AppStore|iPhoneSimulator
		{B95F3E08-3455-4D36-9E39-57A111BE40DF}.AppStore|iPhoneSimulator.Deploy.0 = AppStore|iPhoneSimulator
		{B95F3E08-3455-4D36-9E39-57A111BE40DF}.AppStore|x64.ActiveCfg = AppStore|iPhone
		{B95F3E08-3455-4D36-9E39-57A111BE40DF}.AppStore|x64.Build.0 = AppStore|iPhone
		{B95F3E08-3455-4D36-9E39-57A111BE40DF}.AppStore|x64.Deploy.0 = AppStore|iPhone
		{B95F3E08-3455-4D36-9E39-57A111BE40DF}.AppStore|x86.ActiveCfg = AppStore|iPhone
		{B95F3E08-3455-4D36-9E39-57A111BE40DF}.AppStore|x86.Build.0 = AppStore|iPhone
		{B95F3E08-3455-4D36-9E39-57A111BE40DF}.AppStore|x86.Deploy.0 = AppStore|iPhone
		{B95F3E08-3455-4D36-9E39-57A111BE40DF}.Debug|Any CPU.ActiveCfg = Debug|iPhone
		{B95F3E08-3455-4D36-9E39-57A111BE40DF}.Debug|Any CPU.Build.0 = Debug|iPhone
		{B95F3E08-3455-4D36-9E39-57A111BE40DF}.Debug|Any CPU.Deploy.0 = Debug|iPhone
		{B95F3E08-3455-4D36-9E39-57A111BE40DF}.Debug|ARM.ActiveCfg = Debug|iPhoneSimulator
		{B95F3E08-3455-4D36-9E39-57A111BE40DF}.Debug|ARM.Build.0 = Debug|iPhoneSimulator
		{B95F3E08-3455-4D36-9E39-57A111BE40DF}.Debug|ARM.Deploy.0 = Debug|iPhoneSimulator
		{B95F3E08-3455-4D36-9E39-57A111BE40DF}.Debug|iPhone.ActiveCfg = Debug|iPhone
		{B95F3E08-3455-4D36-9E39-57A111BE40DF}.Debug|iPhone.Build.0 = Debug|iPhone
		{B95F3E08-3455-4D36-9E39-57A111BE40DF}.Debug|iPhone.Deploy.0 = Debug|iPhone
		{B95F3E08-3455-4D36-9E39-57A111BE40DF}.Debug|iPhoneSimulator.ActiveCfg = Debug|iPhoneSimulator
		{B95F3E08-3455-4D36-9E39-57A111BE40DF}.Debug|iPhoneSimulator.Build.0 = Debug|iPhoneSimulator
		{B95F3E08-3455-4D36-9E39-57A111BE40DF}.Debug|iPhoneSimulator.Deploy.0 = Debug|iPhoneSimulator
		{B95F3E08-3455-4D36-9E39-57A111BE40DF}.Debug|x64.ActiveCfg = Debug|iPhone
		{B95F3E08-3455-4D36-9E39-57A111BE40DF}.Debug|x64.Build.0 = Debug|iPhone
		{B95F3E08-3455-4D36-9E39-57A111BE40DF}.Debug|x64.Deploy.0 = Debug|iPhone
		{B95F3E08-3455-4D36-9E39-57A111BE40DF}.Debug|x86.ActiveCfg = Debug|iPhone
		{B95F3E08-3455-4D36-9E39-57A111BE40DF}.Debug|x86.Build.0 = Debug|iPhone
		{B95F3E08-3455-4D36-9E39-57A111BE40DF}.Debug|x86.Deploy.0 = Debug|iPhone
		{B95F3E08-3455-4D36-9E39-57A111BE40DF}.Release|Any CPU.ActiveCfg = Release|iPhone
		{B95F3E08-3455-4D36-9E39-57A111BE40DF}.Release|Any CPU.Build.0 = Release|iPhone
		{B95F3E08-3455-4D36-9E39-57A111BE40DF}.Release|Any CPU.Deploy.0 = Release|iPhone
		{B95F3E08-3455-4D36-9E39-57A111BE40DF}.Release|ARM.ActiveCfg = Release|iPhone
		{B95F3E08-3455-4D36-9E39-57A111BE40DF}.Release|ARM.Build.0 = Release|iPhone
		{B95F3E08-3455-4D36-9E39-57A111BE40DF}.Release|ARM.Deploy.0 = Release|iPhone
		{B95F3E08-3455-4D36-9E39-57A111BE40DF}.Release|iPhone.ActiveCfg = Release|iPhone
		{B95F3E08-3455-4D36-9E39-57A111BE40DF}.Release|iPhone.Build.0 = Release|iPhone
		{B95F3E08-3455-4D36-9E39-57A111BE40DF}.Release|iPhone.Deploy.0 = Release|iPhone
		{B95F3E08-3455-4D36-9E39-57A111BE40DF}.Release|iPhoneSimulator.ActiveCfg = Release|iPhoneSimulator
		{B95F3E08-3455-4D36-9E39-57A111BE40DF}.Release|iPhoneSimulator.Build.0 = Release|iPhoneSimulator
		{B95F3E08-3455-4D36-9E39-57A111BE40DF}.Release|iPhoneSimulator.Deploy.0 = Release|iPhoneSimulator
		{B95F3E08-3455-4D36-9E39-57A111BE40DF}.Release|x64.ActiveCfg = Release|iPhone
		{B95F3E08-3455-4D36-9E39-57A111BE40DF}.Release|x64.Build.0 = Release|iPhone
		{B95F3E08-3455-4D36-9E39-57A111BE40DF}.Release|x64.Deploy.0 = Release|iPhone
		{B95F3E08-3455-4D36-9E39-57A111BE40DF}.Release|x86.ActiveCfg = Release|iPhone
		{B95F3E08-3455-4D36-9E39-57A111BE40DF}.Release|x86.Build.0 = Release|iPhone
		{B95F3E08-3455-4D36-9E39-57A111BE40DF}.Release|x86.Deploy.0 = Release|iPhone
		{BCCC1EA6-4F63-4DBB-9994-764F43D4C544}.Ad-Hoc|Any CPU.ActiveCfg = Debug|Any CPU
		{BCCC1EA6-4F63-4DBB-9994-764F43D4C544}.Ad-Hoc|Any CPU.Build.0 = Debug|Any CPU
		{BCCC1EA6-4F63-4DBB-9994-764F43D4C544}.Ad-Hoc|Any CPU.Deploy.0 = Debug|Any CPU
		{BCCC1EA6-4F63-4DBB-9994-764F43D4C544}.Ad-Hoc|ARM.ActiveCfg = Debug|Any CPU
		{BCCC1EA6-4F63-4DBB-9994-764F43D4C544}.Ad-Hoc|ARM.Build.0 = Debug|Any CPU
		{BCCC1EA6-4F63-4DBB-9994-764F43D4C544}.Ad-Hoc|ARM.Deploy.0 = Debug|Any CPU
		{BCCC1EA6-4F63-4DBB-9994-764F43D4C544}.Ad-Hoc|iPhone.ActiveCfg = Debug|Any CPU
		{BCCC1EA6-4F63-4DBB-9994-764F43D4C544}.Ad-Hoc|iPhone.Build.0 = Debug|Any CPU
		{BCCC1EA6-4F63-4DBB-9994-764F43D4C544}.Ad-Hoc|iPhone.Deploy.0 = Debug|Any CPU
		{BCCC1EA6-4F63-4DBB-9994-764F43D4C544}.Ad-Hoc|iPhoneSimulator.ActiveCfg = Debug|Any CPU
		{BCCC1EA6-4F63-4DBB-9994-764F43D4C544}.Ad-Hoc|iPhoneSimulator.Build.0 = Debug|Any CPU
		{BCCC1EA6-4F63-4DBB-9994-764F43D4C544}.Ad-Hoc|iPhoneSimulator.Deploy.0 = Debug|Any CPU
		{BCCC1EA6-4F63-4DBB-9994-764F43D4C544}.Ad-Hoc|x64.ActiveCfg = Debug|Any CPU
		{BCCC1EA6-4F63-4DBB-9994-764F43D4C544}.Ad-Hoc|x64.Build.0 = Debug|Any CPU
		{BCCC1EA6-4F63-4DBB-9994-764F43D4C544}.Ad-Hoc|x64.Deploy.0 = Debug|Any CPU
		{BCCC1EA6-4F63-4DBB-9994-764F43D4C544}.Ad-Hoc|x86.ActiveCfg = Debug|Any CPU
		{BCCC1EA6-4F63-4DBB-9994-764F43D4C544}.Ad-Hoc|x86.Build.0 = Debug|Any CPU
		{BCCC1EA6-4F63-4DBB-9994-764F43D4C544}.Ad-Hoc|x86.Deploy.0 = Debug|Any CPU
		{BCCC1EA6-4F63-4DBB-9994-764F43D4C544}.AppStore|Any CPU.ActiveCfg = Debug|Any CPU
		{BCCC1EA6-4F63-4DBB-9994-764F43D4C544}.AppStore|Any CPU.Build.0 = Debug|Any CPU
		{BCCC1EA6-4F63-4DBB-9994-764F43D4C544}.AppStore|Any CPU.Deploy.0 = Debug|Any CPU
		{BCCC1EA6-4F63-4DBB-9994-764F43D4C544}.AppStore|ARM.ActiveCfg = Debug|Any CPU
		{BCCC1EA6-4F63-4DBB-9994-764F43D4C544}.AppStore|ARM.Build.0 = Debug|Any CPU
		{BCCC1EA6-4F63-4DBB-9994-764F43D4C544}.AppStore|ARM.Deploy.0 = Debug|Any CPU
		{BCCC1EA6-4F63-4DBB-9994-764F43D4C544}.AppStore|iPhone.ActiveCfg = Debug|Any CPU
		{BCCC1EA6-4F63-4DBB-9994-764F43D4C544}.AppStore|iPhone.Build.0 = Debug|Any CPU
		{BCCC1EA6-4F63-4DBB-9994-764F43D4C544}.AppStore|iPhone.Deploy.0 = Debug|Any CPU
		{BCCC1EA6-4F63-4DBB-9994-764F43D4C544}.AppStore|iPhoneSimulator.ActiveCfg = Debug|Any CPU
		{BCCC1EA6-4F63-4DBB-9994-764F43D4C544}.AppStore|iPhoneSimulator.Build.0 = Debug|Any CPU
		{BCCC1EA6-4F63-4DBB-9994-764F43D4C544}.AppStore|iPhoneSimulator.Deploy.0 = Debug|Any CPU
		{BCCC1EA6-4F63-4DBB-9994-764F43D4C544}.AppStore|x64.ActiveCfg = Debug|Any CPU
		{BCCC1EA6-4F63-4DBB-9994-764F43D4C544}.AppStore|x64.Build.0 = Debug|Any CPU
		{BCCC1EA6-4F63-4DBB-9994-764F43D4C544}.AppStore|x64.Deploy.0 = Debug|Any CPU
		{BCCC1EA6-4F63-4DBB-9994-764F43D4C544}.AppStore|x86.ActiveCfg = Debug|Any CPU
		{BCCC1EA6-4F63-4DBB-9994-764F43D4C544}.AppStore|x86.Build.0 = Debug|Any CPU
		{BCCC1EA6-4F63-4DBB-9994-764F43D4C544}.AppStore|x86.Deploy.0 = Debug|Any CPU
		{BCCC1EA6-4F63-4DBB-9994-764F43D4C544}.Debug|Any CPU.ActiveCfg = Debug|Any CPU
		{BCCC1EA6-4F63-4DBB-9994-764F43D4C544}.Debug|Any CPU.Build.0 = Debug|Any CPU
		{BCCC1EA6-4F63-4DBB-9994-764F43D4C544}.Debug|Any CPU.Deploy.0 = Debug|Any CPU
		{BCCC1EA6-4F63-4DBB-9994-764F43D4C544}.Debug|ARM.ActiveCfg = Debug|Any CPU
		{BCCC1EA6-4F63-4DBB-9994-764F43D4C544}.Debug|ARM.Build.0 = Debug|Any CPU
		{BCCC1EA6-4F63-4DBB-9994-764F43D4C544}.Debug|ARM.Deploy.0 = Debug|Any CPU
		{BCCC1EA6-4F63-4DBB-9994-764F43D4C544}.Debug|iPhone.ActiveCfg = Debug|Any CPU
		{BCCC1EA6-4F63-4DBB-9994-764F43D4C544}.Debug|iPhone.Build.0 = Debug|Any CPU
		{BCCC1EA6-4F63-4DBB-9994-764F43D4C544}.Debug|iPhone.Deploy.0 = Debug|Any CPU
		{BCCC1EA6-4F63-4DBB-9994-764F43D4C544}.Debug|iPhoneSimulator.ActiveCfg = Debug|Any CPU
		{BCCC1EA6-4F63-4DBB-9994-764F43D4C544}.Debug|iPhoneSimulator.Build.0 = Debug|Any CPU
		{BCCC1EA6-4F63-4DBB-9994-764F43D4C544}.Debug|iPhoneSimulator.Deploy.0 = Debug|Any CPU
		{BCCC1EA6-4F63-4DBB-9994-764F43D4C544}.Debug|x64.ActiveCfg = Debug|Any CPU
		{BCCC1EA6-4F63-4DBB-9994-764F43D4C544}.Debug|x64.Build.0 = Debug|Any CPU
		{BCCC1EA6-4F63-4DBB-9994-764F43D4C544}.Debug|x64.Deploy.0 = Debug|Any CPU
		{BCCC1EA6-4F63-4DBB-9994-764F43D4C544}.Debug|x86.ActiveCfg = Debug|Any CPU
		{BCCC1EA6-4F63-4DBB-9994-764F43D4C544}.Debug|x86.Build.0 = Debug|Any CPU
		{BCCC1EA6-4F63-4DBB-9994-764F43D4C544}.Debug|x86.Deploy.0 = Debug|Any CPU
		{BCCC1EA6-4F63-4DBB-9994-764F43D4C544}.Release|Any CPU.ActiveCfg = Release|Any CPU
		{BCCC1EA6-4F63-4DBB-9994-764F43D4C544}.Release|Any CPU.Build.0 = Release|Any CPU
		{BCCC1EA6-4F63-4DBB-9994-764F43D4C544}.Release|Any CPU.Deploy.0 = Release|Any CPU
		{BCCC1EA6-4F63-4DBB-9994-764F43D4C544}.Release|ARM.ActiveCfg = Release|Any CPU
		{BCCC1EA6-4F63-4DBB-9994-764F43D4C544}.Release|ARM.Build.0 = Release|Any CPU
		{BCCC1EA6-4F63-4DBB-9994-764F43D4C544}.Release|ARM.Deploy.0 = Release|Any CPU
		{BCCC1EA6-4F63-4DBB-9994-764F43D4C544}.Release|iPhone.ActiveCfg = Release|Any CPU
		{BCCC1EA6-4F63-4DBB-9994-764F43D4C544}.Release|iPhone.Build.0 = Release|Any CPU
		{BCCC1EA6-4F63-4DBB-9994-764F43D4C544}.Release|iPhone.Deploy.0 = Release|Any CPU
		{BCCC1EA6-4F63-4DBB-9994-764F43D4C544}.Release|iPhoneSimulator.ActiveCfg = Release|Any CPU
		{BCCC1EA6-4F63-4DBB-9994-764F43D4C544}.Release|iPhoneSimulator.Build.0 = Release|Any CPU
		{BCCC1EA6-4F63-4DBB-9994-764F43D4C544}.Release|iPhoneSimulator.Deploy.0 = Release|Any CPU
		{BCCC1EA6-4F63-4DBB-9994-764F43D4C544}.Release|x64.ActiveCfg = Release|Any CPU
		{BCCC1EA6-4F63-4DBB-9994-764F43D4C544}.Release|x64.Build.0 = Release|Any CPU
		{BCCC1EA6-4F63-4DBB-9994-764F43D4C544}.Release|x64.Deploy.0 = Release|Any CPU
		{BCCC1EA6-4F63-4DBB-9994-764F43D4C544}.Release|x86.ActiveCfg = Release|Any CPU
		{BCCC1EA6-4F63-4DBB-9994-764F43D4C544}.Release|x86.Build.0 = Release|Any CPU
		{BCCC1EA6-4F63-4DBB-9994-764F43D4C544}.Release|x86.Deploy.0 = Release|Any CPU
	EndGlobalSection
	GlobalSection(SolutionProperties) = preSolution
		HideSolutionNode = FALSE
	EndGlobalSection
	GlobalSection(ExtensibilityGlobals) = postSolution
		SolutionGuid = {6CD376C9-975E-4D1E-95BF-8DF4439866F8}
	EndGlobalSection
EndGlobal
