
Microsoft Visual Studio Solution File, Format Version 12.00
# Visual Studio Version 17
VisualStudioVersion = 17.1.32328.378
MinimumVisualStudioVersion = 10.0.40219.1
Project("{C7167F0D-BC9F-4E6E-AFE1-012C56B48DB5}") = "WinUI3AppSample (Package)", "WinUI3AppSample\WinUI3AppSample (Package)\WinUI3AppSample (Package).wapproj", "{7ED20C40-8A74-40B3-BF00-8BABAFF3DA0D}"
EndProject
Project("{FAE04EC0-301F-11D3-BF4B-00C04F79EFBC}") = "WinUI3AppSample", "WinUI3AppSample\WinUI3AppSample\WinUI3AppSample.csproj", "{AD752779-02B9-4494-899F-2F9F53E5DC3F}"
EndProject
Global
	GlobalSection(SolutionConfigurationPlatforms) = preSolution
		Debug|arm64 = Debug|arm64
		Debug|x64 = Debug|x64
		Debug|x86 = Debug|x86
		Release|arm64 = Release|arm64
		Release|x64 = Release|x64
		Release|x86 = Release|x86
	EndGlobalSection
	GlobalSection(ProjectConfigurationPlatforms) = postSolution
		{7ED20C40-8A74-40B3-BF00-8BABAFF3DA0D}.Debug|arm64.ActiveCfg = Debug|arm64
		{7ED20C40-8A74-40B3-BF00-8BABAFF3DA0D}.Debug|arm64.Build.0 = Debug|arm64
		{7ED20C40-8A74-40B3-BF00-8BABAFF3DA0D}.Debug|arm64.Deploy.0 = Debug|arm64
		{7ED20C40-8A74-40B3-BF00-8BABAFF3DA0D}.Debug|x64.ActiveCfg = Debug|x64
		{7ED20C40-8A74-40B3-BF00-8BABAFF3DA0D}.Debug|x64.Build.0 = Debug|x64
		{7ED20C40-8A74-40B3-BF00-8BABAFF3DA0D}.Debug|x64.Deploy.0 = Debug|x64
		{7ED20C40-8A74-40B3-BF00-8BABAFF3DA0D}.Debug|x86.ActiveCfg = Debug|x86
		{7ED20C40-8A74-40B3-BF00-8BABAFF3DA0D}.Debug|x86.Build.0 = Debug|x86
		{7ED20C40-8A74-40B3-BF00-8BABAFF3DA0D}.Debug|x86.Deploy.0 = Debug|x86
		{7ED20C40-8A74-40B3-BF00-8BABAFF3DA0D}.Release|arm64.ActiveCfg = Release|arm64
		{7ED20C40-8A74-40B3-BF00-8BABAFF3DA0D}.Release|arm64.Build.0 = Release|arm64
		{7ED20C40-8A74-40B3-BF00-8BABAFF3DA0D}.Release|arm64.Deploy.0 = Release|arm64
		{7ED20C40-8A74-40B3-BF00-8BABAFF3DA0D}.Release|x64.ActiveCfg = Release|x64
		{7ED20C40-8A74-40B3-BF00-8BABAFF3DA0D}.Release|x64.Build.0 = Release|x64
		{7ED20C40-8A74-40B3-BF00-8BABAFF3DA0D}.Release|x64.Deploy.0 = Release|x64
		{7ED20C40-8A74-40B3-BF00-8BABAFF3DA0D}.Release|x86.ActiveCfg = Release|x86
		{7ED20C40-8A74-40B3-BF00-8BABAFF3DA0D}.Release|x86.Build.0 = Release|x86
		{7ED20C40-8A74-40B3-BF00-8BABAFF3DA0D}.Release|x86.Deploy.0 = Release|x86
		{AD752779-02B9-4494-899F-2F9F53E5DC3F}.Debug|arm64.ActiveCfg = Debug|arm64
		{AD752779-02B9-4494-899F-2F9F53E5DC3F}.Debug|arm64.Build.0 = Debug|arm64
		{AD752779-02B9-4494-899F-2F9F53E5DC3F}.Debug|x64.ActiveCfg = Debug|x64
		{AD752779-02B9-4494-899F-2F9F53E5DC3F}.Debug|x64.Build.0 = Debug|x64
		{AD752779-02B9-4494-899F-2F9F53E5DC3F}.Debug|x86.ActiveCfg = Debug|x86
		{AD752779-02B9-4494-899F-2F9F53E5DC3F}.Debug|x86.Build.0 = Debug|x86
		{AD752779-02B9-4494-899F-2F9F53E5DC3F}.Release|arm64.ActiveCfg = Release|arm64
		{AD752779-02B9-4494-899F-2F9F53E5DC3F}.Release|arm64.Build.0 = Release|arm64
		{AD752779-02B9-4494-899F-2F9F53E5DC3F}.Release|x64.ActiveCfg = Release|x64
		{AD752779-02B9-4494-899F-2F9F53E5DC3F}.Release|x64.Build.0 = Release|x64
		{AD752779-02B9-4494-899F-2F9F53E5DC3F}.Release|x86.ActiveCfg = Release|x86
		{AD752779-02B9-4494-899F-2F9F53E5DC3F}.Release|x86.Build.0 = Release|x86
	EndGlobalSection
	GlobalSection(SolutionProperties) = preSolution
		HideSolutionNode = FALSE
	EndGlobalSection
	GlobalSection(ExtensibilityGlobals) = postSolution
		SolutionGuid = {EB821F28-3945-4247-B635-DE0218A3D681}
	EndGlobalSection
EndGlobal
