
Microsoft Visual Studio Solution File, Format Version 12.00
# Visual Studio 15
VisualStudioVersion = 15.0.27703.2042
MinimumVisualStudioVersion = 10.0.40219.1
Project("{FAE04EC0-301F-11D3-BF4B-00C04F79EFBC}") = "Calc.Android", "Calc\Calc.Android\Calc.Android.csproj", "{1AB1598F-2C20-49F5-A48F-0CFA0B9887BE}"
EndProject
Project("{FAE04EC0-301F-11D3-BF4B-00C04F79EFBC}") = "Calc.iOS", "Calc\Calc.iOS\Calc.iOS.csproj", "{343EC0F4-A221-48E6-8614-2D4308700F94}"
EndProject
Project("{FAE04EC0-301F-11D3-BF4B-00C04F79EFBC}") = "Calc.UWP", "Calc\Calc.UWP\Calc.UWP.csproj", "{EE65158D-1D71-4D77-847E-4087F2131CA6}"
EndProject
Project("{FAE04EC0-301F-11D3-BF4B-00C04F79EFBC}") = "Calc", "Calc\Calc\Calc.csproj", "{5655CF83-D049-4626-8306-089F7A47CE86}"
EndProject
Project("{FAE04EC0-301F-11D3-BF4B-00C04F79EFBC}") = "Calc.Helper", "Calc.Helper\Calc.Helper.csproj", "{DF19C351-ACD8-42F7-B9DF-4349A1F72142}"
EndProject
Project("{FAE04EC0-301F-11D3-BF4B-00C04F79EFBC}") = "Calc.Console", "Calc.Console\Calc.Console.csproj", "{5F29579D-C53E-44C6-AC3F-0B77EBDE7629}"
EndProject
Global
	GlobalSection(SolutionConfigurationPlatforms) = preSolution
		Ad-Hoc|Any CPU = Ad-Hoc|Any CPU
		Ad-Hoc|ARM = Ad-Hoc|ARM
		Ad-Hoc|iPhone = Ad-Hoc|iPhone
		Ad-Hoc|iPhoneSimulator = Ad-Hoc|iPhoneSimulator
		Ad-Hoc|x64 = Ad-Hoc|x64
		Ad-Hoc|x86 = Ad-Hoc|x86
		AppStore|Any CPU = AppStore|Any CPU
		AppStore|ARM = AppStore|ARM
		AppStore|iPhone = AppStore|iPhone
		AppStore|iPhoneSimulator = AppStore|iPhoneSimulator
		AppStore|x64 = AppStore|x64
		AppStore|x86 = AppStore|x86
		Debug|Any CPU = Debug|Any CPU
		Debug|ARM = Debug|ARM
		Debug|iPhone = Debug|iPhone
		Debug|iPhoneSimulator = Debug|iPhoneSimulator
		Debug|x64 = Debug|x64
		Debug|x86 = Debug|x86
		Release|Any CPU = Release|Any CPU
		Release|ARM = Release|ARM
		Release|iPhone = Release|iPhone
		Release|iPhoneSimulator = Release|iPhoneSimulator
		Release|x64 = Release|x64
		Release|x86 = Release|x86
	EndGlobalSection
	GlobalSection(ProjectConfigurationPlatforms) = postSolution
		{1AB1598F-2C20-49F5-A48F-0CFA0B9887BE}.Ad-Hoc|Any CPU.ActiveCfg = Release|Any CPU
		{1AB1598F-2C20-49F5-A48F-0CFA0B9887BE}.Ad-Hoc|Any CPU.Build.0 = Release|Any CPU
		{1AB1598F-2C20-49F5-A48F-0CFA0B9887BE}.Ad-Hoc|Any CPU.Deploy.0 = Release|Any CPU
		{1AB1598F-2C20-49F5-A48F-0CFA0B9887BE}.Ad-Hoc|ARM.ActiveCfg = Release|Any CPU
		{1AB1598F-2C20-49F5-A48F-0CFA0B9887BE}.Ad-Hoc|ARM.Build.0 = Release|Any CPU
		{1AB1598F-2C20-49F5-A48F-0CFA0B9887BE}.Ad-Hoc|ARM.Deploy.0 = Release|Any CPU
		{1AB1598F-2C20-49F5-A48F-0CFA0B9887BE}.Ad-Hoc|iPhone.ActiveCfg = Release|Any CPU
		{1AB1598F-2C20-49F5-A48F-0CFA0B9887BE}.Ad-Hoc|iPhone.Build.0 = Release|Any CPU
		{1AB1598F-2C20-49F5-A48F-0CFA0B9887BE}.Ad-Hoc|iPhone.Deploy.0 = Release|Any CPU
		{1AB1598F-2C20-49F5-A48F-0CFA0B9887BE}.Ad-Hoc|iPhoneSimulator.ActiveCfg = Release|Any CPU
		{1AB1598F-2C20-49F5-A48F-0CFA0B9887BE}.Ad-Hoc|iPhoneSimulator.Build.0 = Release|Any CPU
		{1AB1598F-2C20-49F5-A48F-0CFA0B9887BE}.Ad-Hoc|iPhoneSimulator.Deploy.0 = Release|Any CPU
		{1AB1598F-2C20-49F5-A48F-0CFA0B9887BE}.Ad-Hoc|x64.ActiveCfg = Release|Any CPU
		{1AB1598F-2C20-49F5-A48F-0CFA0B9887BE}.Ad-Hoc|x64.Build.0 = Release|Any CPU
		{1AB1598F-2C20-49F5-A48F-0CFA0B9887BE}.Ad-Hoc|x64.Deploy.0 = Release|Any CPU
		{1AB1598F-2C20-49F5-A48F-0CFA0B9887BE}.Ad-Hoc|x86.ActiveCfg = Release|Any CPU
		{1AB1598F-2C20-49F5-A48F-0CFA0B9887BE}.Ad-Hoc|x86.Build.0 = Release|Any CPU
		{1AB1598F-2C20-49F5-A48F-0CFA0B9887BE}.Ad-Hoc|x86.Deploy.0 = Release|Any CPU
		{1AB1598F-2C20-49F5-A48F-0CFA0B9887BE}.AppStore|Any CPU.ActiveCfg = Release|Any CPU
		{1AB1598F-2C20-49F5-A48F-0CFA0B9887BE}.AppStore|Any CPU.Build.0 = Release|Any CPU
		{1AB1598F-2C20-49F5-A48F-0CFA0B9887BE}.AppStore|Any CPU.Deploy.0 = Release|Any CPU
		{1AB1598F-2C20-49F5-A48F-0CFA0B9887BE}.AppStore|ARM.ActiveCfg = Release|Any CPU
		{1AB1598F-2C20-49F5-A48F-0CFA0B9887BE}.AppStore|ARM.Build.0 = Release|Any CPU
		{1AB1598F-2C20-49F5-A48F-0CFA0B9887BE}.AppStore|ARM.Deploy.0 = Release|Any CPU
		{1AB1598F-2C20-49F5-A48F-0CFA0B9887BE}.AppStore|iPhone.ActiveCfg = Release|Any CPU
		{1AB1598F-2C20-49F5-A48F-0CFA0B9887BE}.AppStore|iPhone.Build.0 = Release|Any CPU
		{1AB1598F-2C20-49F5-A48F-0CFA0B9887BE}.AppStore|iPhone.Deploy.0 = Release|Any CPU
		{1AB1598F-2C20-49F5-A48F-0CFA0B9887BE}.AppStore|iPhoneSimulator.ActiveCfg = Release|Any CPU
		{1AB1598F-2C20-49F5-A48F-0CFA0B9887BE}.AppStore|iPhoneSimulator.Build.0 = Release|Any CPU
		{1AB1598F-2C20-49F5-A48F-0CFA0B9887BE}.AppStore|iPhoneSimulator.Deploy.0 = Release|Any CPU
		{1AB1598F-2C20-49F5-A48F-0CFA0B9887BE}.AppStore|x64.ActiveCfg = Release|Any CPU
		{1AB1598F-2C20-49F5-A48F-0CFA0B9887BE}.AppStore|x64.Build.0 = Release|Any CPU
		{1AB1598F-2C20-49F5-A48F-0CFA0B9887BE}.AppStore|x64.Deploy.0 = Release|Any CPU
		{1AB1598F-2C20-49F5-A48F-0CFA0B9887BE}.AppStore|x86.ActiveCfg = Release|Any CPU
		{1AB1598F-2C20-49F5-A48F-0CFA0B9887BE}.AppStore|x86.Build.0 = Release|Any CPU
		{1AB1598F-2C20-49F5-A48F-0CFA0B9887BE}.AppStore|x86.Deploy.0 = Release|Any CPU
		{1AB1598F-2C20-49F5-A48F-0CFA0B9887BE}.Debug|Any CPU.ActiveCfg = Debug|Any CPU
		{1AB1598F-2C20-49F5-A48F-0CFA0B9887BE}.Debug|Any CPU.Build.0 = Debug|Any CPU
		{1AB1598F-2C20-49F5-A48F-0CFA0B9887BE}.Debug|Any CPU.Deploy.0 = Debug|Any CPU
		{1AB1598F-2C20-49F5-A48F-0CFA0B9887BE}.Debug|ARM.ActiveCfg = Debug|Any CPU
		{1AB1598F-2C20-49F5-A48F-0CFA0B9887BE}.Debug|ARM.Build.0 = Debug|Any CPU
		{1AB1598F-2C20-49F5-A48F-0CFA0B9887BE}.Debug|ARM.Deploy.0 = Debug|Any CPU
		{1AB1598F-2C20-49F5-A48F-0CFA0B9887BE}.Debug|iPhone.ActiveCfg = Debug|Any CPU
		{1AB1598F-2C20-49F5-A48F-0CFA0B9887BE}.Debug|iPhone.Build.0 = Debug|Any CPU
		{1AB1598F-2C20-49F5-A48F-0CFA0B9887BE}.Debug|iPhone.Deploy.0 = Debug|Any CPU
		{1AB1598F-2C20-49F5-A48F-0CFA0B9887BE}.Debug|iPhoneSimulator.ActiveCfg = Debug|Any CPU
		{1AB1598F-2C20-49F5-A48F-0CFA0B9887BE}.Debug|iPhoneSimulator.Build.0 = Debug|Any CPU
		{1AB1598F-2C20-49F5-A48F-0CFA0B9887BE}.Debug|iPhoneSimulator.Deploy.0 = Debug|Any CPU
		{1AB1598F-2C20-49F5-A48F-0CFA0B9887BE}.Debug|x64.ActiveCfg = Debug|Any CPU
		{1AB1598F-2C20-49F5-A48F-0CFA0B9887BE}.Debug|x64.Build.0 = Debug|Any CPU
		{1AB1598F-2C20-49F5-A48F-0CFA0B9887BE}.Debug|x64.Deploy.0 = Debug|Any CPU
		{1AB1598F-2C20-49F5-A48F-0CFA0B9887BE}.Debug|x86.ActiveCfg = Debug|Any CPU
		{1AB1598F-2C20-49F5-A48F-0CFA0B9887BE}.Debug|x86.Build.0 = Debug|Any CPU
		{1AB1598F-2C20-49F5-A48F-0CFA0B9887BE}.Debug|x86.Deploy.0 = Debug|Any CPU
		{1AB1598F-2C20-49F5-A48F-0CFA0B9887BE}.Release|Any CPU.ActiveCfg = Release|Any CPU
		{1AB1598F-2C20-49F5-A48F-0CFA0B9887BE}.Release|Any CPU.Build.0 = Release|Any CPU
		{1AB1598F-2C20-49F5-A48F-0CFA0B9887BE}.Release|Any CPU.Deploy.0 = Release|Any CPU
		{1AB1598F-2C20-49F5-A48F-0CFA0B9887BE}.Release|ARM.ActiveCfg = Release|Any CPU
		{1AB1598F-2C20-49F5-A48F-0CFA0B9887BE}.Release|ARM.Build.0 = Release|Any CPU
		{1AB1598F-2C20-49F5-A48F-0CFA0B9887BE}.Release|ARM.Deploy.0 = Release|Any CPU
		{1AB1598F-2C20-49F5-A48F-0CFA0B9887BE}.Release|iPhone.ActiveCfg = Release|Any CPU
		{1AB1598F-2C20-49F5-A48F-0CFA0B9887BE}.Release|iPhone.Build.0 = Release|Any CPU
		{1AB1598F-2C20-49F5-A48F-0CFA0B9887BE}.Release|iPhone.Deploy.0 = Release|Any CPU
		{1AB1598F-2C20-49F5-A48F-0CFA0B9887BE}.Release|iPhoneSimulator.ActiveCfg = Release|Any CPU
		{1AB1598F-2C20-49F5-A48F-0CFA0B9887BE}.Release|iPhoneSimulator.Build.0 = Release|Any CPU
		{1AB1598F-2C20-49F5-A48F-0CFA0B9887BE}.Release|iPhoneSimulator.Deploy.0 = Release|Any CPU
		{1AB1598F-2C20-49F5-A48F-0CFA0B9887BE}.Release|x64.ActiveCfg = Release|Any CPU
		{1AB1598F-2C20-49F5-A48F-0CFA0B9887BE}.Release|x64.Build.0 = Release|Any CPU
		{1AB1598F-2C20-49F5-A48F-0CFA0B9887BE}.Release|x64.Deploy.0 = Release|Any CPU
		{1AB1598F-2C20-49F5-A48F-0CFA0B9887BE}.Release|x86.ActiveCfg = Release|Any CPU
		{1AB1598F-2C20-49F5-A48F-0CFA0B9887BE}.Release|x86.Build.0 = Release|Any CPU
		{1AB1598F-2C20-49F5-A48F-0CFA0B9887BE}.Release|x86.Deploy.0 = Release|Any CPU
		{343EC0F4-A221-48E6-8614-2D4308700F94}.Ad-Hoc|Any CPU.ActiveCfg = Ad-Hoc|iPhone
		{343EC0F4-A221-48E6-8614-2D4308700F94}.Ad-Hoc|Any CPU.Build.0 = Ad-Hoc|iPhone
		{343EC0F4-A221-48E6-8614-2D4308700F94}.Ad-Hoc|Any CPU.Deploy.0 = Ad-Hoc|iPhone
		{343EC0F4-A221-48E6-8614-2D4308700F94}.Ad-Hoc|ARM.ActiveCfg = Ad-Hoc|iPhone
		{343EC0F4-A221-48E6-8614-2D4308700F94}.Ad-Hoc|ARM.Build.0 = Ad-Hoc|iPhone
		{343EC0F4-A221-48E6-8614-2D4308700F94}.Ad-Hoc|ARM.Deploy.0 = Ad-Hoc|iPhone
		{343EC0F4-A221-48E6-8614-2D4308700F94}.Ad-Hoc|iPhone.ActiveCfg = Ad-Hoc|iPhone
		{343EC0F4-A221-48E6-8614-2D4308700F94}.Ad-Hoc|iPhone.Build.0 = Ad-Hoc|iPhone
		{343EC0F4-A221-48E6-8614-2D4308700F94}.Ad-Hoc|iPhone.Deploy.0 = Ad-Hoc|iPhone
		{343EC0F4-A221-48E6-8614-2D4308700F94}.Ad-Hoc|iPhoneSimulator.ActiveCfg = Ad-Hoc|iPhoneSimulator
		{343EC0F4-A221-48E6-8614-2D4308700F94}.Ad-Hoc|iPhoneSimulator.Build.0 = Ad-Hoc|iPhoneSimulator
		{343EC0F4-A221-48E6-8614-2D4308700F94}.Ad-Hoc|iPhoneSimulator.Deploy.0 = Ad-Hoc|iPhoneSimulator
		{343EC0F4-A221-48E6-8614-2D4308700F94}.Ad-Hoc|x64.ActiveCfg = Ad-Hoc|iPhone
		{343EC0F4-A221-48E6-8614-2D4308700F94}.Ad-Hoc|x64.Build.0 = Ad-Hoc|iPhone
		{343EC0F4-A221-48E6-8614-2D4308700F94}.Ad-Hoc|x64.Deploy.0 = Ad-Hoc|iPhone
		{343EC0F4-A221-48E6-8614-2D4308700F94}.Ad-Hoc|x86.ActiveCfg = Ad-Hoc|iPhone
		{343EC0F4-A221-48E6-8614-2D4308700F94}.Ad-Hoc|x86.Build.0 = Ad-Hoc|iPhone
		{343EC0F4-A221-48E6-8614-2D4308700F94}.Ad-Hoc|x86.Deploy.0 = Ad-Hoc|iPhone
		{343EC0F4-A221-48E6-8614-2D4308700F94}.AppStore|Any CPU.ActiveCfg = AppStore|iPhone
		{343EC0F4-A221-48E6-8614-2D4308700F94}.AppStore|Any CPU.Build.0 = AppStore|iPhone
		{343EC0F4-A221-48E6-8614-2D4308700F94}.AppStore|Any CPU.Deploy.0 = AppStore|iPhone
		{343EC0F4-A221-48E6-8614-2D4308700F94}.AppStore|ARM.ActiveCfg = AppStore|iPhone
		{343EC0F4-A221-48E6-8614-2D4308700F94}.AppStore|ARM.Build.0 = AppStore|iPhone
		{343EC0F4-A221-48E6-8614-2D4308700F94}.AppStore|ARM.Deploy.0 = AppStore|iPhone
		{343EC0F4-A221-48E6-8614-2D4308700F94}.AppStore|iPhone.ActiveCfg = AppStore|iPhone
		{343EC0F4-A221-48E6-8614-2D4308700F94}.AppStore|iPhone.Build.0 = AppStore|iPhone
		{343EC0F4-A221-48E6-8614-2D4308700F94}.AppStore|iPhone.Deploy.0 = AppStore|iPhone
		{343EC0F4-A221-48E6-8614-2D4308700F94}.AppStore|iPhoneSimulator.ActiveCfg = AppStore|iPhoneSimulator
		{343EC0F4-A221-48E6-8614-2D4308700F94}.AppStore|iPhoneSimulator.Build.0 = AppStore|iPhoneSimulator
		{343EC0F4-A221-48E6-8614-2D4308700F94}.AppStore|iPhoneSimulator.Deploy.0 = AppStore|iPhoneSimulator
		{343EC0F4-A221-48E6-8614-2D4308700F94}.AppStore|x64.ActiveCfg = AppStore|iPhone
		{343EC0F4-A221-48E6-8614-2D4308700F94}.AppStore|x64.Build.0 = AppStore|iPhone
		{343EC0F4-A221-48E6-8614-2D4308700F94}.AppStore|x64.Deploy.0 = AppStore|iPhone
		{343EC0F4-A221-48E6-8614-2D4308700F94}.AppStore|x86.ActiveCfg = AppStore|iPhone
		{343EC0F4-A221-48E6-8614-2D4308700F94}.AppStore|x86.Build.0 = AppStore|iPhone
		{343EC0F4-A221-48E6-8614-2D4308700F94}.AppStore|x86.Deploy.0 = AppStore|iPhone
		{343EC0F4-A221-48E6-8614-2D4308700F94}.Debug|Any CPU.ActiveCfg = Debug|iPhoneSimulator
		{343EC0F4-A221-48E6-8614-2D4308700F94}.Debug|Any CPU.Build.0 = Debug|iPhoneSimulator
		{343EC0F4-A221-48E6-8614-2D4308700F94}.Debug|Any CPU.Deploy.0 = Debug|iPhoneSimulator
		{343EC0F4-A221-48E6-8614-2D4308700F94}.Debug|ARM.ActiveCfg = Debug|iPhone
		{343EC0F4-A221-48E6-8614-2D4308700F94}.Debug|ARM.Build.0 = Debug|iPhone
		{343EC0F4-A221-48E6-8614-2D4308700F94}.Debug|ARM.Deploy.0 = Debug|iPhone
		{343EC0F4-A221-48E6-8614-2D4308700F94}.Debug|iPhone.ActiveCfg = Debug|iPhone
		{343EC0F4-A221-48E6-8614-2D4308700F94}.Debug|iPhone.Build.0 = Debug|iPhone
		{343EC0F4-A221-48E6-8614-2D4308700F94}.Debug|iPhone.Deploy.0 = Debug|iPhone
		{343EC0F4-A221-48E6-8614-2D4308700F94}.Debug|iPhoneSimulator.ActiveCfg = Debug|iPhoneSimulator
		{343EC0F4-A221-48E6-8614-2D4308700F94}.Debug|iPhoneSimulator.Build.0 = Debug|iPhoneSimulator
		{343EC0F4-A221-48E6-8614-2D4308700F94}.Debug|iPhoneSimulator.Deploy.0 = Debug|iPhoneSimulator
		{343EC0F4-A221-48E6-8614-2D4308700F94}.Debug|x64.ActiveCfg = Debug|iPhone
		{343EC0F4-A221-48E6-8614-2D4308700F94}.Debug|x64.Build.0 = Debug|iPhone
		{343EC0F4-A221-48E6-8614-2D4308700F94}.Debug|x64.Deploy.0 = Debug|iPhone
		{343EC0F4-A221-48E6-8614-2D4308700F94}.Debug|x86.ActiveCfg = Debug|iPhone
		{343EC0F4-A221-48E6-8614-2D4308700F94}.Debug|x86.Build.0 = Debug|iPhone
		{343EC0F4-A221-48E6-8614-2D4308700F94}.Debug|x86.Deploy.0 = Debug|iPhone
		{343EC0F4-A221-48E6-8614-2D4308700F94}.Release|Any CPU.ActiveCfg = Release|iPhone
		{343EC0F4-A221-48E6-8614-2D4308700F94}.Release|Any CPU.Build.0 = Release|iPhone
		{343EC0F4-A221-48E6-8614-2D4308700F94}.Release|Any CPU.Deploy.0 = Release|iPhone
		{343EC0F4-A221-48E6-8614-2D4308700F94}.Release|ARM.ActiveCfg = Release|iPhone
		{343EC0F4-A221-48E6-8614-2D4308700F94}.Release|ARM.Build.0 = Release|iPhone
		{343EC0F4-A221-48E6-8614-2D4308700F94}.Release|ARM.Deploy.0 = Release|iPhone
		{343EC0F4-A221-48E6-8614-2D4308700F94}.Release|iPhone.ActiveCfg = Release|iPhone
		{343EC0F4-A221-48E6-8614-2D4308700F94}.Release|iPhone.Build.0 = Release|iPhone
		{343EC0F4-A221-48E6-8614-2D4308700F94}.Release|iPhone.Deploy.0 = Release|iPhone
		{343EC0F4-A221-48E6-8614-2D4308700F94}.Release|iPhoneSimulator.ActiveCfg = Release|iPhoneSimulator
		{343EC0F4-A221-48E6-8614-2D4308700F94}.Release|iPhoneSimulator.Build.0 = Release|iPhoneSimulator
		{343EC0F4-A221-48E6-8614-2D4308700F94}.Release|iPhoneSimulator.Deploy.0 = Release|iPhoneSimulator
		{343EC0F4-A221-48E6-8614-2D4308700F94}.Release|x64.ActiveCfg = Release|iPhone
		{343EC0F4-A221-48E6-8614-2D4308700F94}.Release|x64.Build.0 = Release|iPhone
		{343EC0F4-A221-48E6-8614-2D4308700F94}.Release|x64.Deploy.0 = Release|iPhone
		{343EC0F4-A221-48E6-8614-2D4308700F94}.Release|x86.ActiveCfg = Release|iPhone
		{343EC0F4-A221-48E6-8614-2D4308700F94}.Release|x86.Build.0 = Release|iPhone
		{343EC0F4-A221-48E6-8614-2D4308700F94}.Release|x86.Deploy.0 = Release|iPhone
		{EE65158D-1D71-4D77-847E-4087F2131CA6}.Ad-Hoc|Any CPU.ActiveCfg = Release|x86
		{EE65158D-1D71-4D77-847E-4087F2131CA6}.Ad-Hoc|Any CPU.Build.0 = Release|x86
		{EE65158D-1D71-4D77-847E-4087F2131CA6}.Ad-Hoc|Any CPU.Deploy.0 = Release|x86
		{EE65158D-1D71-4D77-847E-4087F2131CA6}.Ad-Hoc|ARM.ActiveCfg = Release|ARM
		{EE65158D-1D71-4D77-847E-4087F2131CA6}.Ad-Hoc|ARM.Build.0 = Release|ARM
		{EE65158D-1D71-4D77-847E-4087F2131CA6}.Ad-Hoc|ARM.Deploy.0 = Release|ARM
		{EE65158D-1D71-4D77-847E-4087F2131CA6}.Ad-Hoc|iPhone.ActiveCfg = Release|x86
		{EE65158D-1D71-4D77-847E-4087F2131CA6}.Ad-Hoc|iPhone.Build.0 = Release|x86
		{EE65158D-1D71-4D77-847E-4087F2131CA6}.Ad-Hoc|iPhone.Deploy.0 = Release|x86
		{EE65158D-1D71-4D77-847E-4087F2131CA6}.Ad-Hoc|iPhoneSimulator.ActiveCfg = Release|x86
		{EE65158D-1D71-4D77-847E-4087F2131CA6}.Ad-Hoc|iPhoneSimulator.Build.0 = Release|x86
		{EE65158D-1D71-4D77-847E-4087F2131CA6}.Ad-Hoc|iPhoneSimulator.Deploy.0 = Release|x86
		{EE65158D-1D71-4D77-847E-4087F2131CA6}.Ad-Hoc|x64.ActiveCfg = Release|x64
		{EE65158D-1D71-4D77-847E-4087F2131CA6}.Ad-Hoc|x64.Build.0 = Release|x64
		{EE65158D-1D71-4D77-847E-4087F2131CA6}.Ad-Hoc|x64.Deploy.0 = Release|x64
		{EE65158D-1D71-4D77-847E-4087F2131CA6}.Ad-Hoc|x86.ActiveCfg = Release|x86
		{EE65158D-1D71-4D77-847E-4087F2131CA6}.Ad-Hoc|x86.Build.0 = Release|x86
		{EE65158D-1D71-4D77-847E-4087F2131CA6}.Ad-Hoc|x86.Deploy.0 = Release|x86
		{EE65158D-1D71-4D77-847E-4087F2131CA6}.AppStore|Any CPU.ActiveCfg = Release|x86
		{EE65158D-1D71-4D77-847E-4087F2131CA6}.AppStore|Any CPU.Build.0 = Release|x86
		{EE65158D-1D71-4D77-847E-4087F2131CA6}.AppStore|Any CPU.Deploy.0 = Release|x86
		{EE65158D-1D71-4D77-847E-4087F2131CA6}.AppStore|ARM.ActiveCfg = Release|ARM
		{EE65158D-1D71-4D77-847E-4087F2131CA6}.AppStore|ARM.Build.0 = Release|ARM
		{EE65158D-1D71-4D77-847E-4087F2131CA6}.AppStore|ARM.Deploy.0 = Release|ARM
		{EE65158D-1D71-4D77-847E-4087F2131CA6}.AppStore|iPhone.ActiveCfg = Release|x86
		{EE65158D-1D71-4D77-847E-4087F2131CA6}.AppStore|iPhone.Build.0 = Release|x86
		{EE65158D-1D71-4D77-847E-4087F2131CA6}.AppStore|iPhone.Deploy.0 = Release|x86
		{EE65158D-1D71-4D77-847E-4087F2131CA6}.AppStore|iPhoneSimulator.ActiveCfg = Release|x86
		{EE65158D-1D71-4D77-847E-4087F2131CA6}.AppStore|iPhoneSimulator.Build.0 = Release|x86
		{EE65158D-1D71-4D77-847E-4087F2131CA6}.AppStore|iPhoneSimulator.Deploy.0 = Release|x86
		{EE65158D-1D71-4D77-847E-4087F2131CA6}.AppStore|x64.ActiveCfg = Release|x64
		{EE65158D-1D71-4D77-847E-4087F2131CA6}.AppStore|x64.Build.0 = Release|x64
		{EE65158D-1D71-4D77-847E-4087F2131CA6}.AppStore|x64.Deploy.0 = Release|x64
		{EE65158D-1D71-4D77-847E-4087F2131CA6}.AppStore|x86.ActiveCfg = Release|x86
		{EE65158D-1D71-4D77-847E-4087F2131CA6}.AppStore|x86.Build.0 = Release|x86
		{EE65158D-1D71-4D77-847E-4087F2131CA6}.AppStore|x86.Deploy.0 = Release|x86
		{EE65158D-1D71-4D77-847E-4087F2131CA6}.Debug|Any CPU.ActiveCfg = Debug|x86
		{EE65158D-1D71-4D77-847E-4087F2131CA6}.Debug|Any CPU.Build.0 = Debug|x86
		{EE65158D-1D71-4D77-847E-4087F2131CA6}.Debug|Any CPU.Deploy.0 = Debug|x86
		{EE65158D-1D71-4D77-847E-4087F2131CA6}.Debug|ARM.ActiveCfg = Debug|ARM
		{EE65158D-1D71-4D77-847E-4087F2131CA6}.Debug|ARM.Build.0 = Debug|ARM
		{EE65158D-1D71-4D77-847E-4087F2131CA6}.Debug|ARM.Deploy.0 = Debug|ARM
		{EE65158D-1D71-4D77-847E-4087F2131CA6}.Debug|iPhone.ActiveCfg = Debug|x86
		{EE65158D-1D71-4D77-847E-4087F2131CA6}.Debug|iPhone.Build.0 = Debug|x86
		{EE65158D-1D71-4D77-847E-4087F2131CA6}.Debug|iPhone.Deploy.0 = Debug|x86
		{EE65158D-1D71-4D77-847E-4087F2131CA6}.Debug|iPhoneSimulator.ActiveCfg = Debug|x86
		{EE65158D-1D71-4D77-847E-4087F2131CA6}.Debug|iPhoneSimulator.Build.0 = Debug|x86
		{EE65158D-1D71-4D77-847E-4087F2131CA6}.Debug|iPhoneSimulator.Deploy.0 = Debug|x86
		{EE65158D-1D71-4D77-847E-4087F2131CA6}.Debug|x64.ActiveCfg = Debug|x64
		{EE65158D-1D71-4D77-847E-4087F2131CA6}.Debug|x64.Build.0 = Debug|x64
		{EE65158D-1D71-4D77-847E-4087F2131CA6}.Debug|x64.Deploy.0 = Debug|x64
		{EE65158D-1D71-4D77-847E-4087F2131CA6}.Debug|x86.ActiveCfg = Debug|x86
		{EE65158D-1D71-4D77-847E-4087F2131CA6}.Debug|x86.Build.0 = Debug|x86
		{EE65158D-1D71-4D77-847E-4087F2131CA6}.Debug|x86.Deploy.0 = Debug|x86
		{EE65158D-1D71-4D77-847E-4087F2131CA6}.Release|Any CPU.ActiveCfg = Release|x86
		{EE65158D-1D71-4D77-847E-4087F2131CA6}.Release|Any CPU.Build.0 = Release|x86
		{EE65158D-1D71-4D77-847E-4087F2131CA6}.Release|Any CPU.Deploy.0 = Release|x86
		{EE65158D-1D71-4D77-847E-4087F2131CA6}.Release|ARM.ActiveCfg = Release|ARM
		{EE65158D-1D71-4D77-847E-4087F2131CA6}.Release|ARM.Build.0 = Release|ARM
		{EE65158D-1D71-4D77-847E-4087F2131CA6}.Release|ARM.Deploy.0 = Release|ARM
		{EE65158D-1D71-4D77-847E-4087F2131CA6}.Release|iPhone.ActiveCfg = Release|x86
		{EE65158D-1D71-4D77-847E-4087F2131CA6}.Release|iPhone.Build.0 = Release|x86
		{EE65158D-1D71-4D77-847E-4087F2131CA6}.Release|iPhone.Deploy.0 = Release|x86
		{EE65158D-1D71-4D77-847E-4087F2131CA6}.Release|iPhoneSimulator.ActiveCfg = Release|x86
		{EE65158D-1D71-4D77-847E-4087F2131CA6}.Release|iPhoneSimulator.Build.0 = Release|x86
		{EE65158D-1D71-4D77-847E-4087F2131CA6}.Release|iPhoneSimulator.Deploy.0 = Release|x86
		{EE65158D-1D71-4D77-847E-4087F2131CA6}.Release|x64.ActiveCfg = Release|x64
		{EE65158D-1D71-4D77-847E-4087F2131CA6}.Release|x64.Build.0 = Release|x64
		{EE65158D-1D71-4D77-847E-4087F2131CA6}.Release|x64.Deploy.0 = Release|x64
		{EE65158D-1D71-4D77-847E-4087F2131CA6}.Release|x86.ActiveCfg = Release|x86
		{EE65158D-1D71-4D77-847E-4087F2131CA6}.Release|x86.Build.0 = Release|x86
		{EE65158D-1D71-4D77-847E-4087F2131CA6}.Release|x86.Deploy.0 = Release|x86
		{5655CF83-D049-4626-8306-089F7A47CE86}.Ad-Hoc|Any CPU.ActiveCfg = Debug|Any CPU
		{5655CF83-D049-4626-8306-089F7A47CE86}.Ad-Hoc|Any CPU.Build.0 = Debug|Any CPU
		{5655CF83-D049-4626-8306-089F7A47CE86}.Ad-Hoc|Any CPU.Deploy.0 = Debug|Any CPU
		{5655CF83-D049-4626-8306-089F7A47CE86}.Ad-Hoc|ARM.ActiveCfg = Debug|Any CPU
		{5655CF83-D049-4626-8306-089F7A47CE86}.Ad-Hoc|ARM.Build.0 = Debug|Any CPU
		{5655CF83-D049-4626-8306-089F7A47CE86}.Ad-Hoc|ARM.Deploy.0 = Debug|Any CPU
		{5655CF83-D049-4626-8306-089F7A47CE86}.Ad-Hoc|iPhone.ActiveCfg = Debug|Any CPU
		{5655CF83-D049-4626-8306-089F7A47CE86}.Ad-Hoc|iPhone.Build.0 = Debug|Any CPU
		{5655CF83-D049-4626-8306-089F7A47CE86}.Ad-Hoc|iPhone.Deploy.0 = Debug|Any CPU
		{5655CF83-D049-4626-8306-089F7A47CE86}.Ad-Hoc|iPhoneSimulator.ActiveCfg = Debug|Any CPU
		{5655CF83-D049-4626-8306-089F7A47CE86}.Ad-Hoc|iPhoneSimulator.Build.0 = Debug|Any CPU
		{5655CF83-D049-4626-8306-089F7A47CE86}.Ad-Hoc|iPhoneSimulator.Deploy.0 = Debug|Any CPU
		{5655CF83-D049-4626-8306-089F7A47CE86}.Ad-Hoc|x64.ActiveCfg = Debug|Any CPU
		{5655CF83-D049-4626-8306-089F7A47CE86}.Ad-Hoc|x64.Build.0 = Debug|Any CPU
		{5655CF83-D049-4626-8306-089F7A47CE86}.Ad-Hoc|x64.Deploy.0 = Debug|Any CPU
		{5655CF83-D049-4626-8306-089F7A47CE86}.Ad-Hoc|x86.ActiveCfg = Debug|Any CPU
		{5655CF83-D049-4626-8306-089F7A47CE86}.Ad-Hoc|x86.Build.0 = Debug|Any CPU
		{5655CF83-D049-4626-8306-089F7A47CE86}.Ad-Hoc|x86.Deploy.0 = Debug|Any CPU
		{5655CF83-D049-4626-8306-089F7A47CE86}.AppStore|Any CPU.ActiveCfg = Debug|Any CPU
		{5655CF83-D049-4626-8306-089F7A47CE86}.AppStore|Any CPU.Build.0 = Debug|Any CPU
		{5655CF83-D049-4626-8306-089F7A47CE86}.AppStore|Any CPU.Deploy.0 = Debug|Any CPU
		{5655CF83-D049-4626-8306-089F7A47CE86}.AppStore|ARM.ActiveCfg = Debug|Any CPU
		{5655CF83-D049-4626-8306-089F7A47CE86}.AppStore|ARM.Build.0 = Debug|Any CPU
		{5655CF83-D049-4626-8306-089F7A47CE86}.AppStore|ARM.Deploy.0 = Debug|Any CPU
		{5655CF83-D049-4626-8306-089F7A47CE86}.AppStore|iPhone.ActiveCfg = Debug|Any CPU
		{5655CF83-D049-4626-8306-089F7A47CE86}.AppStore|iPhone.Build.0 = Debug|Any CPU
		{5655CF83-D049-4626-8306-089F7A47CE86}.AppStore|iPhone.Deploy.0 = Debug|Any CPU
		{5655CF83-D049-4626-8306-089F7A47CE86}.AppStore|iPhoneSimulator.ActiveCfg = Debug|Any CPU
		{5655CF83-D049-4626-8306-089F7A47CE86}.AppStore|iPhoneSimulator.Build.0 = Debug|Any CPU
		{5655CF83-D049-4626-8306-089F7A47CE86}.AppStore|iPhoneSimulator.Deploy.0 = Debug|Any CPU
		{5655CF83-D049-4626-8306-089F7A47CE86}.AppStore|x64.ActiveCfg = Debug|Any CPU
		{5655CF83-D049-4626-8306-089F7A47CE86}.AppStore|x64.Build.0 = Debug|Any CPU
		{5655CF83-D049-4626-8306-089F7A47CE86}.AppStore|x64.Deploy.0 = Debug|Any CPU
		{5655CF83-D049-4626-8306-089F7A47CE86}.AppStore|x86.ActiveCfg = Debug|Any CPU
		{5655CF83-D049-4626-8306-089F7A47CE86}.AppStore|x86.Build.0 = Debug|Any CPU
		{5655CF83-D049-4626-8306-089F7A47CE86}.AppStore|x86.Deploy.0 = Debug|Any CPU
		{5655CF83-D049-4626-8306-089F7A47CE86}.Debug|Any CPU.ActiveCfg = Debug|Any CPU
		{5655CF83-D049-4626-8306-089F7A47CE86}.Debug|Any CPU.Build.0 = Debug|Any CPU
		{5655CF83-D049-4626-8306-089F7A47CE86}.Debug|Any CPU.Deploy.0 = Debug|Any CPU
		{5655CF83-D049-4626-8306-089F7A47CE86}.Debug|ARM.ActiveCfg = Debug|Any CPU
		{5655CF83-D049-4626-8306-089F7A47CE86}.Debug|ARM.Build.0 = Debug|Any CPU
		{5655CF83-D049-4626-8306-089F7A47CE86}.Debug|ARM.Deploy.0 = Debug|Any CPU
		{5655CF83-D049-4626-8306-089F7A47CE86}.Debug|iPhone.ActiveCfg = Debug|Any CPU
		{5655CF83-D049-4626-8306-089F7A47CE86}.Debug|iPhone.Build.0 = Debug|Any CPU
		{5655CF83-D049-4626-8306-089F7A47CE86}.Debug|iPhone.Deploy.0 = Debug|Any CPU
		{5655CF83-D049-4626-8306-089F7A47CE86}.Debug|iPhoneSimulator.ActiveCfg = Debug|Any CPU
		{5655CF83-D049-4626-8306-089F7A47CE86}.Debug|iPhoneSimulator.Build.0 = Debug|Any CPU
		{5655CF83-D049-4626-8306-089F7A47CE86}.Debug|iPhoneSimulator.Deploy.0 = Debug|Any CPU
		{5655CF83-D049-4626-8306-089F7A47CE86}.Debug|x64.ActiveCfg = Debug|Any CPU
		{5655CF83-D049-4626-8306-089F7A47CE86}.Debug|x64.Build.0 = Debug|Any CPU
		{5655CF83-D049-4626-8306-089F7A47CE86}.Debug|x64.Deploy.0 = Debug|Any CPU
		{5655CF83-D049-4626-8306-089F7A47CE86}.Debug|x86.ActiveCfg = Debug|Any CPU
		{5655CF83-D049-4626-8306-089F7A47CE86}.Debug|x86.Build.0 = Debug|Any CPU
		{5655CF83-D049-4626-8306-089F7A47CE86}.Debug|x86.Deploy.0 = Debug|Any CPU
		{5655CF83-D049-4626-8306-089F7A47CE86}.Release|Any CPU.ActiveCfg = Release|Any CPU
		{5655CF83-D049-4626-8306-089F7A47CE86}.Release|Any CPU.Build.0 = Release|Any CPU
		{5655CF83-D049-4626-8306-089F7A47CE86}.Release|Any CPU.Deploy.0 = Release|Any CPU
		{5655CF83-D049-4626-8306-089F7A47CE86}.Release|ARM.ActiveCfg = Release|Any CPU
		{5655CF83-D049-4626-8306-089F7A47CE86}.Release|ARM.Build.0 = Release|Any CPU
		{5655CF83-D049-4626-8306-089F7A47CE86}.Release|ARM.Deploy.0 = Release|Any CPU
		{5655CF83-D049-4626-8306-089F7A47CE86}.Release|iPhone.ActiveCfg = Release|Any CPU
		{5655CF83-D049-4626-8306-089F7A47CE86}.Release|iPhone.Build.0 = Release|Any CPU
		{5655CF83-D049-4626-8306-089F7A47CE86}.Release|iPhone.Deploy.0 = Release|Any CPU
		{5655CF83-D049-4626-8306-089F7A47CE86}.Release|iPhoneSimulator.ActiveCfg = Release|Any CPU
		{5655CF83-D049-4626-8306-089F7A47CE86}.Release|iPhoneSimulator.Build.0 = Release|Any CPU
		{5655CF83-D049-4626-8306-089F7A47CE86}.Release|iPhoneSimulator.Deploy.0 = Release|Any CPU
		{5655CF83-D049-4626-8306-089F7A47CE86}.Release|x64.ActiveCfg = Release|Any CPU
		{5655CF83-D049-4626-8306-089F7A47CE86}.Release|x64.Build.0 = Release|Any CPU
		{5655CF83-D049-4626-8306-089F7A47CE86}.Release|x64.Deploy.0 = Release|Any CPU
		{5655CF83-D049-4626-8306-089F7A47CE86}.Release|x86.ActiveCfg = Release|Any CPU
		{5655CF83-D049-4626-8306-089F7A47CE86}.Release|x86.Build.0 = Release|Any CPU
		{5655CF83-D049-4626-8306-089F7A47CE86}.Release|x86.Deploy.0 = Release|Any CPU
		{DF19C351-ACD8-42F7-B9DF-4349A1F72142}.Ad-Hoc|Any CPU.ActiveCfg = Debug|Any CPU
		{DF19C351-ACD8-42F7-B9DF-4349A1F72142}.Ad-Hoc|Any CPU.Build.0 = Debug|Any CPU
		{DF19C351-ACD8-42F7-B9DF-4349A1F72142}.Ad-Hoc|ARM.ActiveCfg = Debug|Any CPU
		{DF19C351-ACD8-42F7-B9DF-4349A1F72142}.Ad-Hoc|ARM.Build.0 = Debug|Any CPU
		{DF19C351-ACD8-42F7-B9DF-4349A1F72142}.Ad-Hoc|iPhone.ActiveCfg = Debug|Any CPU
		{DF19C351-ACD8-42F7-B9DF-4349A1F72142}.Ad-Hoc|iPhone.Build.0 = Debug|Any CPU
		{DF19C351-ACD8-42F7-B9DF-4349A1F72142}.Ad-Hoc|iPhoneSimulator.ActiveCfg = Debug|Any CPU
		{DF19C351-ACD8-42F7-B9DF-4349A1F72142}.Ad-Hoc|iPhoneSimulator.Build.0 = Debug|Any CPU
		{DF19C351-ACD8-42F7-B9DF-4349A1F72142}.Ad-Hoc|x64.ActiveCfg = Debug|Any CPU
		{DF19C351-ACD8-42F7-B9DF-4349A1F72142}.Ad-Hoc|x64.Build.0 = Debug|Any CPU
		{DF19C351-ACD8-42F7-B9DF-4349A1F72142}.Ad-Hoc|x86.ActiveCfg = Debug|Any CPU
		{DF19C351-ACD8-42F7-B9DF-4349A1F72142}.Ad-Hoc|x86.Build.0 = Debug|Any CPU
		{DF19C351-ACD8-42F7-B9DF-4349A1F72142}.AppStore|Any CPU.ActiveCfg = Debug|Any CPU
		{DF19C351-ACD8-42F7-B9DF-4349A1F72142}.AppStore|Any CPU.Build.0 = Debug|Any CPU
		{DF19C351-ACD8-42F7-B9DF-4349A1F72142}.AppStore|ARM.ActiveCfg = Debug|Any CPU
		{DF19C351-ACD8-42F7-B9DF-4349A1F72142}.AppStore|ARM.Build.0 = Debug|Any CPU
		{DF19C351-ACD8-42F7-B9DF-4349A1F72142}.AppStore|iPhone.ActiveCfg = Debug|Any CPU
		{DF19C351-ACD8-42F7-B9DF-4349A1F72142}.AppStore|iPhone.Build.0 = Debug|Any CPU
		{DF19C351-ACD8-42F7-B9DF-4349A1F72142}.AppStore|iPhoneSimulator.ActiveCfg = Debug|Any CPU
		{DF19C351-ACD8-42F7-B9DF-4349A1F72142}.AppStore|iPhoneSimulator.Build.0 = Debug|Any CPU
		{DF19C351-ACD8-42F7-B9DF-4349A1F72142}.AppStore|x64.ActiveCfg = Debug|Any CPU
		{DF19C351-ACD8-42F7-B9DF-4349A1F72142}.AppStore|x64.Build.0 = Debug|Any CPU
		{DF19C351-ACD8-42F7-B9DF-4349A1F72142}.AppStore|x86.ActiveCfg = Debug|Any CPU
		{DF19C351-ACD8-42F7-B9DF-4349A1F72142}.AppStore|x86.Build.0 = Debug|Any CPU
		{DF19C351-ACD8-42F7-B9DF-4349A1F72142}.Debug|Any CPU.ActiveCfg = Debug|Any CPU
		{DF19C351-ACD8-42F7-B9DF-4349A1F72142}.Debug|Any CPU.Build.0 = Debug|Any CPU
		{DF19C351-ACD8-42F7-B9DF-4349A1F72142}.Debug|ARM.ActiveCfg = Debug|Any CPU
		{DF19C351-ACD8-42F7-B9DF-4349A1F72142}.Debug|ARM.Build.0 = Debug|Any CPU
		{DF19C351-ACD8-42F7-B9DF-4349A1F72142}.Debug|iPhone.ActiveCfg = Debug|Any CPU
		{DF19C351-ACD8-42F7-B9DF-4349A1F72142}.Debug|iPhone.Build.0 = Debug|Any CPU
		{DF19C351-ACD8-42F7-B9DF-4349A1F72142}.Debug|iPhoneSimulator.ActiveCfg = Debug|Any CPU
		{DF19C351-ACD8-42F7-B9DF-4349A1F72142}.Debug|iPhoneSimulator.Build.0 = Debug|Any CPU
		{DF19C351-ACD8-42F7-B9DF-4349A1F72142}.Debug|x64.ActiveCfg = Debug|Any CPU
		{DF19C351-ACD8-42F7-B9DF-4349A1F72142}.Debug|x64.Build.0 = Debug|Any CPU
		{DF19C351-ACD8-42F7-B9DF-4349A1F72142}.Debug|x86.ActiveCfg = Debug|Any CPU
		{DF19C351-ACD8-42F7-B9DF-4349A1F72142}.Debug|x86.Build.0 = Debug|Any CPU
		{DF19C351-ACD8-42F7-B9DF-4349A1F72142}.Release|Any CPU.ActiveCfg = Release|Any CPU
		{DF19C351-ACD8-42F7-B9DF-4349A1F72142}.Release|Any CPU.Build.0 = Release|Any CPU
		{DF19C351-ACD8-42F7-B9DF-4349A1F72142}.Release|ARM.ActiveCfg = Release|Any CPU
		{DF19C351-ACD8-42F7-B9DF-4349A1F72142}.Release|ARM.Build.0 = Release|Any CPU
		{DF19C351-ACD8-42F7-B9DF-4349A1F72142}.Release|iPhone.ActiveCfg = Release|Any CPU
		{DF19C351-ACD8-42F7-B9DF-4349A1F72142}.Release|iPhone.Build.0 = Release|Any CPU
		{DF19C351-ACD8-42F7-B9DF-4349A1F72142}.Release|iPhoneSimulator.ActiveCfg = Release|Any CPU
		{DF19C351-ACD8-42F7-B9DF-4349A1F72142}.Release|iPhoneSimulator.Build.0 = Release|Any CPU
		{DF19C351-ACD8-42F7-B9DF-4349A1F72142}.Release|x64.ActiveCfg = Release|Any CPU
		{DF19C351-ACD8-42F7-B9DF-4349A1F72142}.Release|x64.Build.0 = Release|Any CPU
		{DF19C351-ACD8-42F7-B9DF-4349A1F72142}.Release|x86.ActiveCfg = Release|Any CPU
		{DF19C351-ACD8-42F7-B9DF-4349A1F72142}.Release|x86.Build.0 = Release|Any CPU
		{5F29579D-C53E-44C6-AC3F-0B77EBDE7629}.Ad-Hoc|Any CPU.ActiveCfg = Debug|Any CPU
		{5F29579D-C53E-44C6-AC3F-0B77EBDE7629}.Ad-Hoc|Any CPU.Build.0 = Debug|Any CPU
		{5F29579D-C53E-44C6-AC3F-0B77EBDE7629}.Ad-Hoc|ARM.ActiveCfg = Debug|Any CPU
		{5F29579D-C53E-44C6-AC3F-0B77EBDE7629}.Ad-Hoc|ARM.Build.0 = Debug|Any CPU
		{5F29579D-C53E-44C6-AC3F-0B77EBDE7629}.Ad-Hoc|iPhone.ActiveCfg = Debug|Any CPU
		{5F29579D-C53E-44C6-AC3F-0B77EBDE7629}.Ad-Hoc|iPhone.Build.0 = Debug|Any CPU
		{5F29579D-C53E-44C6-AC3F-0B77EBDE7629}.Ad-Hoc|iPhoneSimulator.ActiveCfg = Debug|Any CPU
		{5F29579D-C53E-44C6-AC3F-0B77EBDE7629}.Ad-Hoc|iPhoneSimulator.Build.0 = Debug|Any CPU
		{5F29579D-C53E-44C6-AC3F-0B77EBDE7629}.Ad-Hoc|x64.ActiveCfg = Debug|Any CPU
		{5F29579D-C53E-44C6-AC3F-0B77EBDE7629}.Ad-Hoc|x64.Build.0 = Debug|Any CPU
		{5F29579D-C53E-44C6-AC3F-0B77EBDE7629}.Ad-Hoc|x86.ActiveCfg = Debug|Any CPU
		{5F29579D-C53E-44C6-AC3F-0B77EBDE7629}.Ad-Hoc|x86.Build.0 = Debug|Any CPU
		{5F29579D-C53E-44C6-AC3F-0B77EBDE7629}.AppStore|Any CPU.ActiveCfg = Debug|Any CPU
		{5F29579D-C53E-44C6-AC3F-0B77EBDE7629}.AppStore|Any CPU.Build.0 = Debug|Any CPU
		{5F29579D-C53E-44C6-AC3F-0B77EBDE7629}.AppStore|ARM.ActiveCfg = Debug|Any CPU
		{5F29579D-C53E-44C6-AC3F-0B77EBDE7629}.AppStore|ARM.Build.0 = Debug|Any CPU
		{5F29579D-C53E-44C6-AC3F-0B77EBDE7629}.AppStore|iPhone.ActiveCfg = Debug|Any CPU
		{5F29579D-C53E-44C6-AC3F-0B77EBDE7629}.AppStore|iPhone.Build.0 = Debug|Any CPU
		{5F29579D-C53E-44C6-AC3F-0B77EBDE7629}.AppStore|iPhoneSimulator.ActiveCfg = Debug|Any CPU
		{5F29579D-C53E-44C6-AC3F-0B77EBDE7629}.AppStore|iPhoneSimulator.Build.0 = Debug|Any CPU
		{5F29579D-C53E-44C6-AC3F-0B77EBDE7629}.AppStore|x64.ActiveCfg = Debug|Any CPU
		{5F29579D-C53E-44C6-AC3F-0B77EBDE7629}.AppStore|x64.Build.0 = Debug|Any CPU
		{5F29579D-C53E-44C6-AC3F-0B77EBDE7629}.AppStore|x86.ActiveCfg = Debug|Any CPU
		{5F29579D-C53E-44C6-AC3F-0B77EBDE7629}.AppStore|x86.Build.0 = Debug|Any CPU
		{5F29579D-C53E-44C6-AC3F-0B77EBDE7629}.Debug|Any CPU.ActiveCfg = Debug|Any CPU
		{5F29579D-C53E-44C6-AC3F-0B77EBDE7629}.Debug|Any CPU.Build.0 = Debug|Any CPU
		{5F29579D-C53E-44C6-AC3F-0B77EBDE7629}.Debug|ARM.ActiveCfg = Debug|Any CPU
		{5F29579D-C53E-44C6-AC3F-0B77EBDE7629}.Debug|ARM.Build.0 = Debug|Any CPU
		{5F29579D-C53E-44C6-AC3F-0B77EBDE7629}.Debug|iPhone.ActiveCfg = Debug|Any CPU
		{5F29579D-C53E-44C6-AC3F-0B77EBDE7629}.Debug|iPhone.Build.0 = Debug|Any CPU
		{5F29579D-C53E-44C6-AC3F-0B77EBDE7629}.Debug|iPhoneSimulator.ActiveCfg = Debug|Any CPU
		{5F29579D-C53E-44C6-AC3F-0B77EBDE7629}.Debug|iPhoneSimulator.Build.0 = Debug|Any CPU
		{5F29579D-C53E-44C6-AC3F-0B77EBDE7629}.Debug|x64.ActiveCfg = Debug|Any CPU
		{5F29579D-C53E-44C6-AC3F-0B77EBDE7629}.Debug|x64.Build.0 = Debug|Any CPU
		{5F29579D-C53E-44C6-AC3F-0B77EBDE7629}.Debug|x86.ActiveCfg = Debug|Any CPU
		{5F29579D-C53E-44C6-AC3F-0B77EBDE7629}.Debug|x86.Build.0 = Debug|Any CPU
		{5F29579D-C53E-44C6-AC3F-0B77EBDE7629}.Release|Any CPU.ActiveCfg = Release|Any CPU
		{5F29579D-C53E-44C6-AC3F-0B77EBDE7629}.Release|Any CPU.Build.0 = Release|Any CPU
		{5F29579D-C53E-44C6-AC3F-0B77EBDE7629}.Release|ARM.ActiveCfg = Release|Any CPU
		{5F29579D-C53E-44C6-AC3F-0B77EBDE7629}.Release|ARM.Build.0 = Release|Any CPU
		{5F29579D-C53E-44C6-AC3F-0B77EBDE7629}.Release|iPhone.ActiveCfg = Release|Any CPU
		{5F29579D-C53E-44C6-AC3F-0B77EBDE7629}.Release|iPhone.Build.0 = Release|Any CPU
		{5F29579D-C53E-44C6-AC3F-0B77EBDE7629}.Release|iPhoneSimulator.ActiveCfg = Release|Any CPU
		{5F29579D-C53E-44C6-AC3F-0B77EBDE7629}.Release|iPhoneSimulator.Build.0 = Release|Any CPU
		{5F29579D-C53E-44C6-AC3F-0B77EBDE7629}.Release|x64.ActiveCfg = Release|Any CPU
		{5F29579D-C53E-44C6-AC3F-0B77EBDE7629}.Release|x64.Build.0 = Release|Any CPU
		{5F29579D-C53E-44C6-AC3F-0B77EBDE7629}.Release|x86.ActiveCfg = Release|Any CPU
		{5F29579D-C53E-44C6-AC3F-0B77EBDE7629}.Release|x86.Build.0 = Release|Any CPU
	EndGlobalSection
	GlobalSection(SolutionProperties) = preSolution
		HideSolutionNode = FALSE
	EndGlobalSection
	GlobalSection(ExtensibilityGlobals) = postSolution
		SolutionGuid = {35899769-5614-443C-AE6B-0DDE78D95B10}
	EndGlobalSection
EndGlobal
